<?xml version="1.0" encoding="utf-8"?>
<Project ToolsVersion="4.0" xmlns="http://schemas.microsoft.com/developer/msbuild/2003">
  <ItemGroup>
    <ClCompile Include="..\..\..\..\src\libsodium\crypto_stream\aes256estream\hongjun\aes256-ctr.c">
      <Filter>src</Filter>
    </ClCompile>
    <ClCompile Include="..\..\..\..\src\libsodium\crypto_box\curve25519xsalsa20poly1305\ref\after_curve25519xsalsa20poly1305.c">
      <Filter>src</Filter>
    </ClCompile>
    <ClCompile Include="..\..\..\..\src\libsodium\crypto_stream\aes128ctr\portable\afternm_aes128ctr.c">
      <Filter>src</Filter>
    </ClCompile>
    <ClCompile Include="..\..\..\..\src\libsodium\crypto_auth\hmacsha256\auth_hmacsha256_api.c">
      <Filter>src</Filter>
    </ClCompile>
    <ClCompile Include="..\..\..\..\src\libsodium\crypto_auth\hmacsha512256\auth_hmacsha512256_api.c">
      <Filter>src</Filter>
    </ClCompile>
    <ClCompile Include="..\..\..\..\src\libsodium\crypto_onetimeauth\poly1305\donna\auth_poly1305_donna.c">
      <Filter>src</Filter>
    </ClCompile>
    <ClCompile Include="..\..\..\..\src\libsodium\crypto_scalarmult\curve25519\ref\base_curve25519_ref.c">
      <Filter>src</Filter>
    </ClCompile>
    <ClCompile Include="..\..\..\..\src\libsodium\crypto_box\curve25519xsalsa20poly1305\ref\before_curve25519xsalsa20poly1305.c">
      <Filter>src</Filter>
    </ClCompile>
    <ClCompile Include="..\..\..\..\src\libsodium\crypto_stream\aes128ctr\portable\beforenm_aes128ctr.c">
      <Filter>src</Filter>
    </ClCompile>
    <ClCompile Include="..\..\..\..\src\libsodium\crypto_generichash\blake2\ref\blake2b-ref.c">
      <Filter>src</Filter>
    </ClCompile>
    <ClCompile Include="..\..\..\..\src\libsodium\crypto_box\curve25519xsalsa20poly1305\ref\box_curve25519xsalsa20poly1305.c">
      <Filter>src</Filter>
    </ClCompile>
    <ClCompile Include="..\..\..\..\src\libsodium\crypto_box\curve25519xsalsa20poly1305\box_curve25519xsalsa20poly1305_api.c">
      <Filter>src</Filter>
    </ClCompile>
    <ClCompile Include="..\..\..\..\src\libsodium\crypto_secretbox\xsalsa20poly1305\ref\box_xsalsa20poly1305.c">
      <Filter>src</Filter>
    </ClCompile>
    <ClCompile Include="..\..\..\..\src\libsodium\crypto_stream\aes128ctr\portable\common_aes128ctr.c">
      <Filter>src</Filter>
    </ClCompile>
    <ClCompile Include="..\..\..\..\src\libsodium\sodium\compat.c">
      <Filter>src</Filter>
    </ClCompile>
    <ClCompile Include="..\..\..\..\src\libsodium\crypto_stream\aes128ctr\portable\consts_aes128ctr.c">
      <Filter>src</Filter>
    </ClCompile>
    <ClCompile Include="..\..\..\..\src\libsodium\sodium\core.c">
      <Filter>src</Filter>
    </ClCompile>
    <ClCompile Include="..\..\..\..\src\libsodium\crypto_core\hsalsa20\ref2\core_hsalsa20.c">
      <Filter>src</Filter>
    </ClCompile>
    <ClCompile Include="..\..\..\..\src\libsodium\crypto_core\hsalsa20\core_hsalsa20_api.c">
      <Filter>src</Filter>
    </ClCompile>
    <ClCompile Include="..\..\..\..\src\libsodium\crypto_core\salsa20\ref\core_salsa20.c">
      <Filter>src</Filter>
    </ClCompile>
    <ClCompile Include="..\..\..\..\src\libsodium\crypto_core\salsa20\core_salsa20_api.c">
      <Filter>src</Filter>
    </ClCompile>
    <ClCompile Include="..\..\..\..\src\libsodium\crypto_core\salsa208\ref\core_salsa208.c">
      <Filter>src</Filter>
    </ClCompile>
    <ClCompile Include="..\..\..\..\src\libsodium\crypto_core\salsa208\core_salsa208_api.c">
      <Filter>src</Filter>
    </ClCompile>
    <ClCompile Include="..\..\..\..\src\libsodium\crypto_core\salsa2012\ref\core_salsa2012.c">
      <Filter>src</Filter>
    </ClCompile>
    <ClCompile Include="..\..\..\..\src\libsodium\crypto_core\salsa2012\core_salsa2012_api.c">
      <Filter>src</Filter>
    </ClCompile>
    <ClCompile Include="..\..\..\..\src\libsodium\crypto_auth\crypto_auth.c">
      <Filter>src</Filter>
    </ClCompile>
    <ClCompile Include="..\..\..\..\src\libsodium\crypto_box\crypto_box.c">
      <Filter>src</Filter>
    </ClCompile>
    <ClCompile Include="..\..\..\..\src\libsodium\crypto_generichash\crypto_generichash.c">
      <Filter>src</Filter>
    </ClCompile>
    <ClCompile Include="..\..\..\..\src\libsodium\crypto_hash\crypto_hash.c">
      <Filter>src</Filter>
    </ClCompile>
    <ClCompile Include="..\..\..\..\src\libsodium\crypto_onetimeauth\crypto_onetimeauth.c">
      <Filter>src</Filter>
    </ClCompile>
    <ClCompile Include="..\..\..\..\src\libsodium\crypto_scalarmult\crypto_scalarmult.c">
      <Filter>src</Filter>
    </ClCompile>
    <ClCompile Include="..\..\..\..\src\libsodium\crypto_secretbox\crypto_secretbox.c">
      <Filter>src</Filter>
    </ClCompile>
    <ClCompile Include="..\..\..\..\src\libsodium\crypto_shorthash\crypto_shorthash.c">
      <Filter>src</Filter>
    </ClCompile>
    <ClCompile Include="..\..\..\..\src\libsodium\crypto_sign\crypto_sign.c">
      <Filter>src</Filter>
    </ClCompile>
    <ClCompile Include="..\..\..\..\src\libsodium\crypto_stream\crypto_stream.c">
      <Filter>src</Filter>
    </ClCompile>
    <ClCompile Include="..\..\..\..\src\libsodium\crypto_sign\ed25519\ref10\fe_0.c">
      <Filter>src</Filter>
    </ClCompile>
    <ClCompile Include="..\..\..\..\src\libsodium\crypto_sign\ed25519\ref10\fe_1.c">
      <Filter>src</Filter>
    </ClCompile>
    <ClCompile Include="..\..\..\..\src\libsodium\crypto_sign\ed25519\ref10\fe_add.c">
      <Filter>src</Filter>
    </ClCompile>
    <ClCompile Include="..\..\..\..\src\libsodium\crypto_sign\ed25519\ref10\fe_cmov.c">
      <Filter>src</Filter>
    </ClCompile>
    <ClCompile Include="..\..\..\..\src\libsodium\crypto_sign\ed25519\ref10\fe_copy.c">
      <Filter>src</Filter>
    </ClCompile>
    <ClCompile Include="..\..\..\..\src\libsodium\crypto_sign\ed25519\ref10\fe_frombytes.c">
      <Filter>src</Filter>
    </ClCompile>
    <ClCompile Include="..\..\..\..\src\libsodium\crypto_sign\ed25519\ref10\fe_invert.c">
      <Filter>src</Filter>
    </ClCompile>
    <ClCompile Include="..\..\..\..\src\libsodium\crypto_sign\ed25519\ref10\fe_isnegative.c">
      <Filter>src</Filter>
    </ClCompile>
    <ClCompile Include="..\..\..\..\src\libsodium\crypto_sign\ed25519\ref10\fe_isnonzero.c">
      <Filter>src</Filter>
    </ClCompile>
    <ClCompile Include="..\..\..\..\src\libsodium\crypto_sign\ed25519\ref10\fe_mul.c">
      <Filter>src</Filter>
    </ClCompile>
    <ClCompile Include="..\..\..\..\src\libsodium\crypto_sign\ed25519\ref10\fe_neg.c">
      <Filter>src</Filter>
    </ClCompile>
    <ClCompile Include="..\..\..\..\src\libsodium\crypto_sign\ed25519\ref10\fe_pow22523.c">
      <Filter>src</Filter>
    </ClCompile>
    <ClCompile Include="..\..\..\..\src\libsodium\crypto_sign\ed25519\ref10\fe_sq.c">
      <Filter>src</Filter>
    </ClCompile>
    <ClCompile Include="..\..\..\..\src\libsodium\crypto_sign\ed25519\ref10\fe_sq2.c">
      <Filter>src</Filter>
    </ClCompile>
    <ClCompile Include="..\..\..\..\src\libsodium\crypto_sign\ed25519\ref10\fe_sub.c">
      <Filter>src</Filter>
    </ClCompile>
    <ClCompile Include="..\..\..\..\src\libsodium\crypto_sign\ed25519\ref10\fe_tobytes.c">
      <Filter>src</Filter>
    </ClCompile>
    <ClCompile Include="..\..\..\..\src\libsodium\crypto_sign\edwards25519sha512batch\ref\fe25519_edwards25519sha512batch.c">
      <Filter>src</Filter>
    </ClCompile>
    <ClCompile Include="..\..\..\..\src\libsodium\crypto_sign\ed25519\ref10\ge_add.c">
      <Filter>src</Filter>
    </ClCompile>
    <ClCompile Include="..\..\..\..\src\libsodium\crypto_sign\ed25519\ref10\ge_double_scalarmult.c">
      <Filter>src</Filter>
    </ClCompile>
    <ClCompile Include="..\..\..\..\src\libsodium\crypto_sign\ed25519\ref10\ge_frombytes.c">
      <Filter>src</Filter>
    </ClCompile>
    <ClCompile Include="..\..\..\..\src\libsodium\crypto_sign\ed25519\ref10\ge_madd.c">
      <Filter>src</Filter>
    </ClCompile>
    <ClCompile Include="..\..\..\..\src\libsodium\crypto_sign\ed25519\ref10\ge_msub.c">
      <Filter>src</Filter>
    </ClCompile>
    <ClCompile Include="..\..\..\..\src\libsodium\crypto_sign\ed25519\ref10\ge_p1p1_to_p2.c">
      <Filter>src</Filter>
    </ClCompile>
    <ClCompile Include="..\..\..\..\src\libsodium\crypto_sign\ed25519\ref10\ge_p1p1_to_p3.c">
      <Filter>src</Filter>
    </ClCompile>
    <ClCompile Include="..\..\..\..\src\libsodium\crypto_sign\ed25519\ref10\ge_p2_0.c">
      <Filter>src</Filter>
    </ClCompile>
    <ClCompile Include="..\..\..\..\src\libsodium\crypto_sign\ed25519\ref10\ge_p2_dbl.c">
      <Filter>src</Filter>
    </ClCompile>
    <ClCompile Include="..\..\..\..\src\libsodium\crypto_sign\ed25519\ref10\ge_p3_0.c">
      <Filter>src</Filter>
    </ClCompile>
    <ClCompile Include="..\..\..\..\src\libsodium\crypto_sign\ed25519\ref10\ge_p3_dbl.c">
      <Filter>src</Filter>
    </ClCompile>
    <ClCompile Include="..\..\..\..\src\libsodium\crypto_sign\ed25519\ref10\ge_p3_to_cached.c">
      <Filter>src</Filter>
    </ClCompile>
    <ClCompile Include="..\..\..\..\src\libsodium\crypto_sign\ed25519\ref10\ge_p3_to_p2.c">
      <Filter>src</Filter>
    </ClCompile>
    <ClCompile Include="..\..\..\..\src\libsodium\crypto_sign\ed25519\ref10\ge_p3_tobytes.c">
      <Filter>src</Filter>
    </ClCompile>
    <ClCompile Include="..\..\..\..\src\libsodium\crypto_sign\ed25519\ref10\ge_precomp_0.c">
      <Filter>src</Filter>
    </ClCompile>
    <ClCompile Include="..\..\..\..\src\libsodium\crypto_sign\ed25519\ref10\ge_scalarmult_base.c">
      <Filter>src</Filter>
    </ClCompile>
    <ClCompile Include="..\..\..\..\src\libsodium\crypto_sign\ed25519\ref10\ge_sub.c">
      <Filter>src</Filter>
    </ClCompile>
    <ClCompile Include="..\..\..\..\src\libsodium\crypto_sign\ed25519\ref10\ge_tobytes.c">
      <Filter>src</Filter>
    </ClCompile>
    <ClCompile Include="..\..\..\..\src\libsodium\crypto_sign\edwards25519sha512batch\ref\ge25519_edwards25519sha512batch.c">
      <Filter>src</Filter>
    </ClCompile>
    <ClCompile Include="..\..\..\..\src\libsodium\crypto_generichash\blake2\generichash_blake2_api.c">
      <Filter>src</Filter>
    </ClCompile>
    <ClCompile Include="..\..\..\..\src\libsodium\crypto_generichash\blake2\ref\generichash_blake2b.c">
      <Filter>src</Filter>
    </ClCompile>
    <ClCompile Include="..\..\..\..\src\libsodium\crypto_hash\sha256\hash_sha256_api.c">
      <Filter>src</Filter>
    </ClCompile>
    <ClCompile Include="..\..\..\..\src\libsodium\crypto_hash\sha512\hash_sha512_api.c">
      <Filter>src</Filter>
    </ClCompile>
    <ClCompile Include="..\..\..\..\src\libsodium\crypto_stream\aes128ctr\portable\int128_aes128ctr.c">
      <Filter>src</Filter>
    </ClCompile>
    <ClCompile Include="..\..\..\..\src\libsodium\crypto_sign\ed25519\ref10\keypair.c">
      <Filter>src</Filter>
    </ClCompile>
    <ClCompile Include="..\..\..\..\src\libsodium\crypto_onetimeauth\poly1305\onetimeauth_poly1305.c">
      <Filter>src</Filter>
    </ClCompile>
    <ClCompile Include="..\..\..\..\src\libsodium\crypto_onetimeauth\poly1305\onetimeauth_poly1305_api.c">
      <Filter>src</Filter>
    </ClCompile>
    <ClCompile Include="..\..\..\..\src\libsodium\crypto_onetimeauth\poly1305\onetimeauth_poly1305_try.c">
      <Filter>src</Filter>
    </ClCompile>
    <ClCompile Include="..\..\..\..\src\libsodium\crypto_box\curve25519xsalsa20poly1305\ref\keypair_curve25519xsalsa20poly1305.c">
      <Filter>src</Filter>
    </ClCompile>
    <ClCompile Include="..\..\..\..\src\libsodium\crypto_sign\ed25519\ref10\open.c">
      <Filter>src</Filter>
    </ClCompile>
    <ClCompile Include="..\..\..\..\src\libsodium\randombytes\randombytes.c">
      <Filter>src</Filter>
    </ClCompile>
    <ClCompile Include="..\..\..\..\src\libsodium\randombytes\salsa20\randombytes_salsa20_random.c">
      <Filter>src</Filter>
    </ClCompile>
    <ClCompile Include="..\..\..\..\src\libsodium\randombytes\sysrandom\randombytes_sysrandom.c">
      <Filter>src</Filter>
    </ClCompile>
    <ClCompile Include="..\..\..\..\src\libsodium\crypto_sign\ed25519\ref10\sc_muladd.c">
      <Filter>src</Filter>
    </ClCompile>
    <ClCompile Include="..\..\..\..\src\libsodium\crypto_sign\ed25519\ref10\sc_reduce.c">
      <Filter>src</Filter>
    </ClCompile>
    <ClCompile Include="..\..\..\..\src\libsodium\crypto_sign\edwards25519sha512batch\ref\sc25519_edwards25519sha512batch.c">
      <Filter>src</Filter>
    </ClCompile>
    <ClCompile Include="..\..\..\..\src\libsodium\crypto_scalarmult\curve25519\scalarmult_curve25519_api.c">
      <Filter>src</Filter>
    </ClCompile>
    <ClCompile Include="..\..\..\..\src\libsodium\crypto_secretbox\xsalsa20poly1305\secretbox_xsalsa20poly1305_api.c">
      <Filter>src</Filter>
    </ClCompile>
    <ClCompile Include="..\..\..\..\src\libsodium\crypto_shorthash\siphash24\ref\shorthash_siphash24.c">
      <Filter>src</Filter>
    </ClCompile>
    <ClCompile Include="..\..\..\..\src\libsodium\crypto_shorthash\siphash24\shorthash_siphash24_api.c">
      <Filter>src</Filter>
    </ClCompile>
    <ClCompile Include="..\..\..\..\src\libsodium\crypto_sign\ed25519\ref10\sign.c">
      <Filter>src</Filter>
    </ClCompile>
    <ClCompile Include="..\..\..\..\src\libsodium\crypto_sign\ed25519\sign_ed25519_api.c">
      <Filter>src</Filter>
    </ClCompile>
    <ClCompile Include="..\..\..\..\src\libsodium\crypto_sign\edwards25519sha512batch\ref\sign_edwards25519sha512batch.c">
      <Filter>src</Filter>
    </ClCompile>
    <ClCompile Include="..\..\..\..\src\libsodium\crypto_sign\edwards25519sha512batch\sign_edwards25519sha512batch_api.c">
      <Filter>src</Filter>
    </ClCompile>
    <ClCompile Include="..\..\..\..\src\libsodium\crypto_scalarmult\curve25519\ref\smult_curve25519_ref.c">
      <Filter>src</Filter>
    </ClCompile>
    <ClCompile Include="..\..\..\..\src\libsodium\crypto_stream\aes128ctr\portable\stream_aes128ctr.c">
      <Filter>src</Filter>
    </ClCompile>
    <ClCompile Include="..\..\..\..\src\libsodium\crypto_stream\aes128ctr\stream_aes128ctr_api.c">
      <Filter>src</Filter>
    </ClCompile>
    <ClCompile Include="..\..\..\..\src\libsodium\crypto_stream\aes256estream\stream_aes256estream_api.c">
      <Filter>src</Filter>
    </ClCompile>
    <ClCompile Include="..\..\..\..\src\libsodium\crypto_stream\salsa20\stream_salsa20_api.c">
      <Filter>src</Filter>
    </ClCompile>
    <ClCompile Include="..\..\..\..\src\libsodium\crypto_stream\salsa20\ref\stream_salsa20_ref.c">
      <Filter>src</Filter>
    </ClCompile>
    <ClCompile Include="..\..\..\..\src\libsodium\crypto_stream\salsa208\ref\stream_salsa208.c">
      <Filter>src</Filter>
    </ClCompile>
    <ClCompile Include="..\..\..\..\src\libsodium\crypto_stream\salsa208\stream_salsa208_api.c">
      <Filter>src</Filter>
    </ClCompile>
    <ClCompile Include="..\..\..\..\src\libsodium\crypto_stream\salsa2012\ref\stream_salsa2012.c">
      <Filter>src</Filter>
    </ClCompile>
    <ClCompile Include="..\..\..\..\src\libsodium\crypto_stream\salsa2012\stream_salsa2012_api.c">
      <Filter>src</Filter>
    </ClCompile>
    <ClCompile Include="..\..\..\..\src\libsodium\crypto_stream\xsalsa20\ref\stream_xsalsa20.c">
      <Filter>src</Filter>
    </ClCompile>
    <ClCompile Include="..\..\..\..\src\libsodium\crypto_stream\xsalsa20\stream_xsalsa20_api.c">
      <Filter>src</Filter>
    </ClCompile>
    <ClCompile Include="..\..\..\..\src\libsodium\sodium\utils.c">
      <Filter>src</Filter>
    </ClCompile>
    <ClCompile Include="..\..\..\..\src\libsodium\crypto_verify\16\ref\verify_16.c">
      <Filter>src</Filter>
    </ClCompile>
    <ClCompile Include="..\..\..\..\src\libsodium\crypto_verify\16\verify_16_api.c">
      <Filter>src</Filter>
    </ClCompile>
    <ClCompile Include="..\..\..\..\src\libsodium\crypto_verify\32\ref\verify_32.c">
      <Filter>src</Filter>
    </ClCompile>
    <ClCompile Include="..\..\..\..\src\libsodium\crypto_verify\32\verify_32_api.c">
      <Filter>src</Filter>
    </ClCompile>
    <ClCompile Include="..\..\..\..\src\libsodium\crypto_onetimeauth\poly1305\donna\verify_poly1305_donna.c">
      <Filter>src</Filter>
    </ClCompile>
    <ClCompile Include="..\..\..\..\src\libsodium\sodium\version.c">
      <Filter>src</Filter>
    </ClCompile>
    <ClCompile Include="..\..\..\..\src\libsodium\crypto_stream\aes128ctr\portable\xor_afternm_aes128ctr.c">
      <Filter>src</Filter>
    </ClCompile>
    <ClCompile Include="..\..\..\..\src\libsodium\crypto_stream\salsa20\ref\xor_salsa20_ref.c">
      <Filter>src</Filter>
    </ClCompile>
    <ClCompile Include="..\..\..\..\src\libsodium\crypto_stream\salsa208\ref\xor_salsa208.c">
      <Filter>src</Filter>
    </ClCompile>
    <ClCompile Include="..\..\..\..\src\libsodium\crypto_stream\salsa2012\ref\xor_salsa2012.c">
      <Filter>src</Filter>
    </ClCompile>
    <ClCompile Include="..\..\..\..\src\libsodium\crypto_stream\xsalsa20\ref\xor_xsalsa20.c">
      <Filter>src</Filter>
    </ClCompile>
    <ClCompile Include="..\..\..\..\src\libsodium\crypto_box\crypto_box_easy.c">
      <Filter>src</Filter>
    </ClCompile>
    <ClCompile Include="..\..\..\..\src\libsodium\crypto_secretbox\crypto_secretbox_easy.c">
      <Filter>src</Filter>
    </ClCompile>
    <ClCompile Include="..\..\..\..\src\libsodium\crypto_hash\sha256\cp\hash_sha256.c">
      <Filter>src</Filter>
    </ClCompile>
    <ClCompile Include="..\..\..\..\src\libsodium\crypto_auth\hmacsha256\cp\hmac_hmacsha256.c">
      <Filter>src</Filter>
    </ClCompile>
    <ClCompile Include="..\..\..\..\src\libsodium\crypto_auth\hmacsha256\cp\verify_hmacsha256.c">
      <Filter>src</Filter>
    </ClCompile>
    <ClCompile Include="..\..\..\..\src\libsodium\crypto_hash\sha512\cp\hash_sha512.c">
      <Filter>src</Filter>
    </ClCompile>
    <ClCompile Include="..\..\..\..\src\libsodium\crypto_auth\hmacsha512\cp\hmac_hmacsha512.c">
      <Filter>src</Filter>
    </ClCompile>
    <ClCompile Include="..\..\..\..\src\libsodium\crypto_auth\hmacsha512256\cp\hmac_hmacsha512256.c">
      <Filter>src</Filter>
    </ClCompile>
    <ClCompile Include="..\..\..\..\src\libsodium\crypto_auth\hmacsha512256\cp\verify_hmacsha512256.c">
      <Filter>src</Filter>
    </ClCompile>
  </ItemGroup>
  <ItemGroup>
    <ClInclude Include="..\..\..\..\src\libsodium\include\sodium\version.h">
      <Filter>include</Filter>
    </ClInclude>
    <ClInclude Include="..\..\resource.h">
      <Filter>resource</Filter>
    </ClInclude>
    <ClInclude Include="..\..\..\..\src\libsodium\include\sodium.h">
      <Filter>include</Filter>
    </ClInclude>
  </ItemGroup>
  <ItemGroup>
    <None Include="..\..\..\..\packaging\nuget\package.bat">
      <Filter>packaging</Filter>
    </None>
    <None Include="..\..\..\..\packaging\nuget\package.gsl">
      <Filter>packaging</Filter>
    </None>
    <None Include="..\..\..\..\packaging\nuget\package.nuspec">
      <Filter>packaging</Filter>
    </None>
    <None Include="..\..\..\..\packaging\nuget\package.targets">
      <Filter>packaging</Filter>
    </None>
    <None Include="..\..\..\..\packaging\nuget\package.config">
      <Filter>packaging</Filter>
    </None>
  </ItemGroup>
  <ItemGroup>
    <Filter Include="src">
      <UniqueIdentifier>{03c1f568-fa7f-499c-a616-a8e0f5050b97}</UniqueIdentifier>
    </Filter>
    <Filter Include="include">
      <UniqueIdentifier>{ddaca9ce-4d7d-4395-bfd2-2eda05bc80c2}</UniqueIdentifier>
    </Filter>
    <Filter Include="packaging">
      <UniqueIdentifier>{b320f6a3-36a4-4b22-8c21-da7d2e12211a}</UniqueIdentifier>
    </Filter>
    <Filter Include="resource">
      <UniqueIdentifier>{983480f9-7320-4c01-b926-ee8dead5b916}</UniqueIdentifier>
    </Filter>
  </ItemGroup>
  <ItemGroup>
    <Xml Include="..\..\..\..\packaging\nuget\package.xml">
      <Filter>packaging</Filter>
    </Xml>
  </ItemGroup>
  <ItemGroup>
    <ResourceCompile Include="..\..\libsodium.rc">
      <Filter>resource</Filter>
    </ResourceCompile>
  </ItemGroup>
</Project>