<?xml version="1.0" encoding="utf-8"?>
<Project ToolsVersion="4.0" xmlns="http://schemas.microsoft.com/developer/msbuild/2003">
  <ItemGroup>
    <Filter Include="Source Files">
      <UniqueIdentifier>{4FC737F1-C7A5-4376-A066-2A32D752A2FF}</UniqueIdentifier>
      <Extensions>cpp;c;cc;cxx;def;odl;idl;hpj;bat;asm;asmx</Extensions>
    </Filter>
    <Filter Include="Header Files">
      <UniqueIdentifier>{93995380-89BD-4b04-88EB-625FBE52EBFB}</UniqueIdentifier>
      <Extensions>h;hpp;hxx;hm;inl;inc;xsd</Extensions>
    </Filter>
    <Filter Include="Resource Files">
      <UniqueIdentifier>{67DA6AB6-F800-4c08-8B7A-83BB121AAD01}</UniqueIdentifier>
      <Extensions>rc;ico;cur;bmp;dlg;rc2;rct;bin;rgs;gif;jpg;jpeg;jpe;resx;tiff;tif;png;wav;mfcribbon-ms</Extensions>
    </Filter>
  </ItemGroup>
  <ItemGroup>
    <ClInclude Include="src\libsodium\include\sodium\core.h">
      <Filter>Header Files</Filter>
    </ClInclude>
    <ClInclude Include="src\libsodium\include\sodium\crypto_auth.h">
      <Filter>Header Files</Filter>
    </ClInclude>
    <ClInclude Include="src\libsodium\include\sodium\crypto_auth_hmacsha256.h">
      <Filter>Header Files</Filter>
    </ClInclude>
    <ClInclude Include="src\libsodium\include\sodium\crypto_auth_hmacsha512256.h">
      <Filter>Header Files</Filter>
    </ClInclude>
    <ClInclude Include="src\libsodium\include\sodium\crypto_box.h">
      <Filter>Header Files</Filter>
    </ClInclude>
    <ClInclude Include="src\libsodium\include\sodium\crypto_box_curve25519xsalsa20poly1305.h">
      <Filter>Header Files</Filter>
    </ClInclude>
    <ClInclude Include="src\libsodium\include\sodium\crypto_core_hsalsa20.h">
      <Filter>Header Files</Filter>
    </ClInclude>
    <ClInclude Include="src\libsodium\include\sodium\crypto_core_salsa20.h">
      <Filter>Header Files</Filter>
    </ClInclude>
    <ClInclude Include="src\libsodium\include\sodium\crypto_core_salsa208.h">
      <Filter>Header Files</Filter>
    </ClInclude>
    <ClInclude Include="src\libsodium\include\sodium\crypto_core_salsa2012.h">
      <Filter>Header Files</Filter>
    </ClInclude>
    <ClInclude Include="src\libsodium\include\sodium\crypto_generichash.h">
      <Filter>Header Files</Filter>
    </ClInclude>
    <ClInclude Include="src\libsodium\include\sodium\crypto_generichash_blake2b.h">
      <Filter>Header Files</Filter>
    </ClInclude>
    <ClInclude Include="src\libsodium\include\sodium\crypto_hash.h">
      <Filter>Header Files</Filter>
    </ClInclude>
    <ClInclude Include="src\libsodium\include\sodium\crypto_hash_sha256.h">
      <Filter>Header Files</Filter>
    </ClInclude>
    <ClInclude Include="src\libsodium\include\sodium\crypto_hash_sha512.h">
      <Filter>Header Files</Filter>
    </ClInclude>
    <ClInclude Include="src\libsodium\include\sodium\crypto_hashblocks_sha256.h">
      <Filter>Header Files</Filter>
    </ClInclude>
    <ClInclude Include="src\libsodium\include\sodium\crypto_hashblocks_sha512.h">
      <Filter>Header Files</Filter>
    </ClInclude>
    <ClInclude Include="src\libsodium\include\sodium\crypto_int32.h">
      <Filter>Header Files</Filter>
    </ClInclude>
    <ClInclude Include="src\libsodium\include\sodium\crypto_int64.h">
      <Filter>Header Files</Filter>
    </ClInclude>
    <ClInclude Include="src\libsodium\include\sodium\crypto_onetimeauth.h">
      <Filter>Header Files</Filter>
    </ClInclude>
    <ClInclude Include="src\libsodium\include\sodium\crypto_onetimeauth_poly1305.h">
      <Filter>Header Files</Filter>
    </ClInclude>
    <ClInclude Include="src\libsodium\include\sodium\crypto_onetimeauth_poly1305_donna.h">
      <Filter>Header Files</Filter>
    </ClInclude>
    <ClInclude Include="src\libsodium\include\sodium\crypto_scalarmult.h">
      <Filter>Header Files</Filter>
    </ClInclude>
    <ClInclude Include="src\libsodium\include\sodium\crypto_scalarmult_curve25519.h">
      <Filter>Header Files</Filter>
    </ClInclude>
    <ClInclude Include="src\libsodium\include\sodium\crypto_secretbox.h">
      <Filter>Header Files</Filter>
    </ClInclude>
    <ClInclude Include="src\libsodium\include\sodium\crypto_secretbox_xsalsa20poly1305.h">
      <Filter>Header Files</Filter>
    </ClInclude>
    <ClInclude Include="src\libsodium\include\sodium\crypto_shorthash.h">
      <Filter>Header Files</Filter>
    </ClInclude>
    <ClInclude Include="src\libsodium\include\sodium\crypto_shorthash_siphash24.h">
      <Filter>Header Files</Filter>
    </ClInclude>
    <ClInclude Include="src\libsodium\include\sodium\crypto_sign.h">
      <Filter>Header Files</Filter>
    </ClInclude>
    <ClInclude Include="src\libsodium\include\sodium\crypto_sign_ed25519.h">
      <Filter>Header Files</Filter>
    </ClInclude>
    <ClInclude Include="src\libsodium\include\sodium\crypto_sign_edwards25519sha512batch.h">
      <Filter>Header Files</Filter>
    </ClInclude>
    <ClInclude Include="src\libsodium\include\sodium\crypto_stream.h">
      <Filter>Header Files</Filter>
    </ClInclude>
    <ClInclude Include="src\libsodium\include\sodium\crypto_stream_aes128ctr.h">
      <Filter>Header Files</Filter>
    </ClInclude>
    <ClInclude Include="src\libsodium\include\sodium\crypto_stream_aes256estream.h">
      <Filter>Header Files</Filter>
    </ClInclude>
    <ClInclude Include="src\libsodium\include\sodium\crypto_stream_salsa20.h">
      <Filter>Header Files</Filter>
    </ClInclude>
    <ClInclude Include="src\libsodium\include\sodium\crypto_stream_salsa208.h">
      <Filter>Header Files</Filter>
    </ClInclude>
    <ClInclude Include="src\libsodium\include\sodium\crypto_stream_salsa2012.h">
      <Filter>Header Files</Filter>
    </ClInclude>
    <ClInclude Include="src\libsodium\include\sodium\crypto_stream_xsalsa20.h">
      <Filter>Header Files</Filter>
    </ClInclude>
    <ClInclude Include="src\libsodium\include\sodium\crypto_uint8.h">
      <Filter>Header Files</Filter>
    </ClInclude>
    <ClInclude Include="src\libsodium\include\sodium\crypto_uint16.h">
      <Filter>Header Files</Filter>
    </ClInclude>
    <ClInclude Include="src\libsodium\include\sodium\crypto_uint32.h">
      <Filter>Header Files</Filter>
    </ClInclude>
    <ClInclude Include="src\libsodium\include\sodium\crypto_uint64.h">
      <Filter>Header Files</Filter>
    </ClInclude>
    <ClInclude Include="src\libsodium\include\sodium\crypto_verify_16.h">
      <Filter>Header Files</Filter>
    </ClInclude>
    <ClInclude Include="src\libsodium\include\sodium\crypto_verify_32.h">
      <Filter>Header Files</Filter>
    </ClInclude>
    <ClInclude Include="src\libsodium\include\sodium\export.h">
      <Filter>Header Files</Filter>
    </ClInclude>
    <ClInclude Include="src\libsodium\include\sodium\randombytes.h">
      <Filter>Header Files</Filter>
    </ClInclude>
    <ClInclude Include="src\libsodium\include\sodium\randombytes_salsa20_random.h">
      <Filter>Header Files</Filter>
    </ClInclude>
    <ClInclude Include="src\libsodium\include\sodium\randombytes_sysrandom.h">
      <Filter>Header Files</Filter>
    </ClInclude>
    <ClInclude Include="src\libsodium\include\sodium\utils.h">
      <Filter>Header Files</Filter>
    </ClInclude>
    <ClInclude Include="src\libsodium\include\sodium\version.h">
      <Filter>Header Files</Filter>
    </ClInclude>
  </ItemGroup>
  <ItemGroup>
    <None Include="src\libsodium\include\sodium\crypto_scalarmult_curve25519.h.in">
      <Filter>Header Files</Filter>
    </None>
    <None Include="src\libsodium\include\sodium\crypto_stream_salsa20.h.in">
      <Filter>Header Files</Filter>
    </None>
  </ItemGroup>
  <ItemGroup>
    <ClCompile Include="src\libsodium\crypto_core\hsalsa20\ref2\core_hsalsa20.c">
      <Filter>Source Files</Filter>
    </ClCompile>
    <ClCompile Include="src\libsodium\crypto_core\hsalsa20\core_hsalsa20_api.c">
      <Filter>Source Files</Filter>
    </ClCompile>
    <ClCompile Include="src\libsodium\crypto_core\salsa20\ref\core_salsa20.c">
      <Filter>Source Files</Filter>
    </ClCompile>
    <ClCompile Include="src\libsodium\crypto_core\salsa208\ref\core_salsa208.c">
      <Filter>Source Files</Filter>
    </ClCompile>
    <ClCompile Include="src\libsodium\crypto_core\salsa2012\ref\core_salsa2012.c">
      <Filter>Source Files</Filter>
    </ClCompile>
    <ClCompile Include="src\libsodium\crypto_auth\hmacsha256\auth_hmacsha256_api.c">
      <Filter>Source Files</Filter>
    </ClCompile>
    <ClCompile Include="src\libsodium\crypto_auth\hmacsha512256\auth_hmacsha512256_api.c">
      <Filter>Source Files</Filter>
    </ClCompile>
    <ClCompile Include="src\libsodium\crypto_auth\crypto_auth.c">
      <Filter>Source Files</Filter>
    </ClCompile>
    <ClCompile Include="src\libsodium\crypto_auth\hmacsha256\ref\hmac_hmacsha256.c">
      <Filter>Source Files</Filter>
    </ClCompile>
    <ClCompile Include="src\libsodium\crypto_auth\hmacsha512256\ref\hmac_hmacsha512256.c">
      <Filter>Source Files</Filter>
    </ClCompile>
    <ClCompile Include="src\libsodium\crypto_auth\hmacsha256\ref\verify_hmacsha256.c">
      <Filter>Source Files</Filter>
    </ClCompile>
    <ClCompile Include="src\libsodium\crypto_auth\hmacsha512256\ref\verify_hmacsha512256.c">
      <Filter>Source Files</Filter>
    </ClCompile>
    <ClCompile Include="src\libsodium\crypto_box\curve25519xsalsa20poly1305\ref\after_curve25519xsalsa20poly1305.c">
      <Filter>Source Files</Filter>
    </ClCompile>
    <ClCompile Include="src\libsodium\crypto_box\curve25519xsalsa20poly1305\ref\before_curve25519xsalsa20poly1305.c">
      <Filter>Source Files</Filter>
    </ClCompile>
    <ClCompile Include="src\libsodium\crypto_box\curve25519xsalsa20poly1305\ref\box_curve25519xsalsa20poly1305.c">
      <Filter>Source Files</Filter>
    </ClCompile>
    <ClCompile Include="src\libsodium\crypto_box\curve25519xsalsa20poly1305\box_curve25519xsalsa20poly1305_api.c">
      <Filter>Source Files</Filter>
    </ClCompile>
    <ClCompile Include="src\libsodium\crypto_box\crypto_box.c">
      <Filter>Source Files</Filter>
    </ClCompile>
    <ClCompile Include="src\libsodium\crypto_box\curve25519xsalsa20poly1305\ref\keypair_curve25519xsalsa20poly1305.c">
      <Filter>Source Files</Filter>
    </ClCompile>
    <ClCompile Include="src\libsodium\crypto_core\salsa20\core_salsa20_api.c">
      <Filter>Source Files</Filter>
    </ClCompile>
    <ClCompile Include="src\libsodium\crypto_core\salsa208\core_salsa208_api.c">
      <Filter>Source Files</Filter>
    </ClCompile>
    <ClCompile Include="src\libsodium\crypto_core\salsa2012\core_salsa2012_api.c">
      <Filter>Source Files</Filter>
    </ClCompile>
    <ClCompile Include="src\libsodium\crypto_generichash\blake2\ref\blake2b-ref.c">
      <Filter>Source Files</Filter>
    </ClCompile>
    <ClCompile Include="src\libsodium\crypto_generichash\crypto_generichash.c">
      <Filter>Source Files</Filter>
    </ClCompile>
    <ClCompile Include="src\libsodium\crypto_generichash\blake2\generichash_blake2_api.c">
      <Filter>Source Files</Filter>
    </ClCompile>
    <ClCompile Include="src\libsodium\crypto_generichash\blake2\ref\generichash_blake2b.c">
      <Filter>Source Files</Filter>
    </ClCompile>
    <ClCompile Include="src\libsodium\crypto_hash\crypto_hash.c">
      <Filter>Source Files</Filter>
    </ClCompile>
    <ClCompile Include="src\libsodium\crypto_hash\sha256\ref\hash_sha256.c">
      <Filter>Source Files</Filter>
    </ClCompile>
    <ClCompile Include="src\libsodium\crypto_hash\sha256\hash_sha256_api.c">
      <Filter>Source Files</Filter>
    </ClCompile>
    <ClCompile Include="src\libsodium\crypto_hash\sha512\ref\hash_sha512.c">
      <Filter>Source Files</Filter>
    </ClCompile>
    <ClCompile Include="src\libsodium\crypto_hash\sha512\hash_sha512_api.c">
      <Filter>Source Files</Filter>
    </ClCompile>
    <ClCompile Include="src\libsodium\crypto_hashblocks\sha256\ref\blocks_sha256.c">
      <Filter>Source Files</Filter>
    </ClCompile>
    <ClCompile Include="src\libsodium\crypto_hashblocks\sha512\ref\blocks_sha512.c">
      <Filter>Source Files</Filter>
    </ClCompile>
    <ClCompile Include="src\libsodium\crypto_hashblocks\sha256\hashblocks_sha256_api.c">
      <Filter>Source Files</Filter>
    </ClCompile>
    <ClCompile Include="src\libsodium\crypto_hashblocks\sha512\hashblocks_sha512_api.c">
      <Filter>Source Files</Filter>
    </ClCompile>
    <ClCompile Include="src\libsodium\crypto_onetimeauth\poly1305\donna\auth_poly1305_donna.c">
      <Filter>Source Files</Filter>
    </ClCompile>
    <ClCompile Include="src\libsodium\crypto_onetimeauth\crypto_onetimeauth.c">
      <Filter>Source Files</Filter>
    </ClCompile>
    <ClCompile Include="src\libsodium\crypto_onetimeauth\poly1305\onetimeauth_poly1305.c">
      <Filter>Source Files</Filter>
    </ClCompile>
    <ClCompile Include="src\libsodium\crypto_onetimeauth\poly1305\onetimeauth_poly1305_api.c">
      <Filter>Source Files</Filter>
    </ClCompile>
    <ClCompile Include="src\libsodium\crypto_onetimeauth\poly1305\onetimeauth_poly1305_try.c">
      <Filter>Source Files</Filter>
    </ClCompile>
    <ClCompile Include="src\libsodium\crypto_onetimeauth\poly1305\donna\verify_poly1305_donna.c">
      <Filter>Source Files</Filter>
    </ClCompile>
    <ClCompile Include="src\libsodium\crypto_scalarmult\crypto_scalarmult.c">
      <Filter>Source Files</Filter>
    </ClCompile>
    <ClCompile Include="src\libsodium\crypto_scalarmult\curve25519\scalarmult_curve25519_api.c">
      <Filter>Source Files</Filter>
    </ClCompile>
    <ClCompile Include="src\libsodium\crypto_scalarmult\curve25519\ref\base_curve25519_ref.c">
      <Filter>Source Files</Filter>
    </ClCompile>
    <ClCompile Include="src\libsodium\crypto_scalarmult\curve25519\ref\smult_curve25519_ref.c">
      <Filter>Source Files</Filter>
    </ClCompile>
    <ClCompile Include="src\libsodium\crypto_secretbox\xsalsa20poly1305\ref\box_xsalsa20poly1305.c">
      <Filter>Source Files</Filter>
    </ClCompile>
    <ClCompile Include="src\libsodium\crypto_secretbox\crypto_secretbox.c">
      <Filter>Source Files</Filter>
    </ClCompile>
    <ClCompile Include="src\libsodium\crypto_secretbox\xsalsa20poly1305\secretbox_xsalsa20poly1305_api.c">
      <Filter>Source Files</Filter>
    </ClCompile>
    <ClCompile Include="src\libsodium\crypto_shorthash\crypto_shorthash.c">
      <Filter>Source Files</Filter>
    </ClCompile>
    <ClCompile Include="src\libsodium\crypto_shorthash\siphash24\ref\shorthash_siphash24.c">
      <Filter>Source Files</Filter>
    </ClCompile>
    <ClCompile Include="src\libsodium\crypto_shorthash\siphash24\shorthash_siphash24_api.c">
      <Filter>Source Files</Filter>
    </ClCompile>
    <ClCompile Include="src\libsodium\crypto_sign\crypto_sign.c">
      <Filter>Source Files</Filter>
    </ClCompile>
    <ClCompile Include="src\libsodium\crypto_sign\ed25519\ref10\fe_0.c">
      <Filter>Source Files</Filter>
    </ClCompile>
    <ClCompile Include="src\libsodium\crypto_sign\ed25519\ref10\fe_1.c">
      <Filter>Source Files</Filter>
    </ClCompile>
    <ClCompile Include="src\libsodium\crypto_sign\ed25519\ref10\fe_add.c">
      <Filter>Source Files</Filter>
    </ClCompile>
    <ClCompile Include="src\libsodium\crypto_sign\ed25519\ref10\fe_cmov.c">
      <Filter>Source Files</Filter>
    </ClCompile>
    <ClCompile Include="src\libsodium\crypto_sign\ed25519\ref10\fe_copy.c">
      <Filter>Source Files</Filter>
    </ClCompile>
    <ClCompile Include="src\libsodium\crypto_sign\ed25519\ref10\fe_frombytes.c">
      <Filter>Source Files</Filter>
    </ClCompile>
    <ClCompile Include="src\libsodium\crypto_sign\ed25519\ref10\fe_invert.c">
      <Filter>Source Files</Filter>
    </ClCompile>
    <ClCompile Include="src\libsodium\crypto_sign\ed25519\ref10\fe_isnegative.c">
      <Filter>Source Files</Filter>
    </ClCompile>
    <ClCompile Include="src\libsodium\crypto_sign\ed25519\ref10\fe_isnonzero.c">
      <Filter>Source Files</Filter>
    </ClCompile>
    <ClCompile Include="src\libsodium\crypto_sign\ed25519\ref10\fe_mul.c">
      <Filter>Source Files</Filter>
    </ClCompile>
    <ClCompile Include="src\libsodium\crypto_sign\ed25519\ref10\fe_neg.c">
      <Filter>Source Files</Filter>
    </ClCompile>
    <ClCompile Include="src\libsodium\crypto_sign\ed25519\ref10\fe_pow22523.c">
      <Filter>Source Files</Filter>
    </ClCompile>
    <ClCompile Include="src\libsodium\crypto_sign\ed25519\ref10\fe_sq.c">
      <Filter>Source Files</Filter>
    </ClCompile>
    <ClCompile Include="src\libsodium\crypto_sign\ed25519\ref10\fe_sq2.c">
      <Filter>Source Files</Filter>
    </ClCompile>
    <ClCompile Include="src\libsodium\crypto_sign\ed25519\ref10\fe_sub.c">
      <Filter>Source Files</Filter>
    </ClCompile>
    <ClCompile Include="src\libsodium\crypto_sign\ed25519\ref10\fe_tobytes.c">
      <Filter>Source Files</Filter>
    </ClCompile>
    <ClCompile Include="src\libsodium\crypto_sign\edwards25519sha512batch\ref\fe25519_edwards25519sha512batch.c">
      <Filter>Source Files</Filter>
    </ClCompile>
    <ClCompile Include="src\libsodium\crypto_sign\ed25519\ref10\ge_add.c">
      <Filter>Source Files</Filter>
    </ClCompile>
    <ClCompile Include="src\libsodium\crypto_sign\ed25519\ref10\ge_double_scalarmult.c">
      <Filter>Source Files</Filter>
    </ClCompile>
    <ClCompile Include="src\libsodium\crypto_sign\ed25519\ref10\ge_frombytes.c">
      <Filter>Source Files</Filter>
    </ClCompile>
    <ClCompile Include="src\libsodium\crypto_sign\ed25519\ref10\ge_madd.c">
      <Filter>Source Files</Filter>
    </ClCompile>
    <ClCompile Include="src\libsodium\crypto_sign\ed25519\ref10\ge_msub.c">
      <Filter>Source Files</Filter>
    </ClCompile>
    <ClCompile Include="src\libsodium\crypto_sign\ed25519\ref10\ge_p1p1_to_p2.c">
      <Filter>Source Files</Filter>
    </ClCompile>
    <ClCompile Include="src\libsodium\crypto_sign\ed25519\ref10\ge_p1p1_to_p3.c">
      <Filter>Source Files</Filter>
    </ClCompile>
    <ClCompile Include="src\libsodium\crypto_sign\ed25519\ref10\ge_p2_0.c">
      <Filter>Source Files</Filter>
    </ClCompile>
    <ClCompile Include="src\libsodium\crypto_sign\ed25519\ref10\ge_p2_dbl.c">
      <Filter>Source Files</Filter>
    </ClCompile>
    <ClCompile Include="src\libsodium\crypto_sign\ed25519\ref10\ge_p3_0.c">
      <Filter>Source Files</Filter>
    </ClCompile>
    <ClCompile Include="src\libsodium\crypto_sign\ed25519\ref10\ge_p3_dbl.c">
      <Filter>Source Files</Filter>
    </ClCompile>
    <ClCompile Include="src\libsodium\crypto_sign\ed25519\ref10\ge_p3_to_cached.c">
      <Filter>Source Files</Filter>
    </ClCompile>
    <ClCompile Include="src\libsodium\crypto_sign\ed25519\ref10\ge_p3_to_p2.c">
      <Filter>Source Files</Filter>
    </ClCompile>
    <ClCompile Include="src\libsodium\crypto_sign\ed25519\ref10\ge_p3_tobytes.c">
      <Filter>Source Files</Filter>
    </ClCompile>
    <ClCompile Include="src\libsodium\crypto_sign\ed25519\ref10\ge_precomp_0.c">
      <Filter>Source Files</Filter>
    </ClCompile>
    <ClCompile Include="src\libsodium\crypto_sign\ed25519\ref10\ge_scalarmult_base.c">
      <Filter>Source Files</Filter>
    </ClCompile>
    <ClCompile Include="src\libsodium\crypto_sign\ed25519\ref10\ge_sub.c">
      <Filter>Source Files</Filter>
    </ClCompile>
    <ClCompile Include="src\libsodium\crypto_sign\ed25519\ref10\ge_tobytes.c">
      <Filter>Source Files</Filter>
    </ClCompile>
    <ClCompile Include="src\libsodium\crypto_sign\edwards25519sha512batch\ref\ge25519_edwards25519sha512batch.c">
      <Filter>Source Files</Filter>
    </ClCompile>
    <ClCompile Include="src\libsodium\crypto_sign\ed25519\ref10\keypair.c">
      <Filter>Source Files</Filter>
    </ClCompile>
    <ClCompile Include="src\libsodium\crypto_sign\ed25519\ref10\open.c">
      <Filter>Source Files</Filter>
    </ClCompile>
    <ClCompile Include="src\libsodium\crypto_sign\ed25519\ref10\sc_muladd.c">
      <Filter>Source Files</Filter>
    </ClCompile>
    <ClCompile Include="src\libsodium\crypto_sign\ed25519\ref10\sc_reduce.c">
      <Filter>Source Files</Filter>
    </ClCompile>
    <ClCompile Include="src\libsodium\crypto_sign\edwards25519sha512batch\ref\sc25519_edwards25519sha512batch.c">
      <Filter>Source Files</Filter>
    </ClCompile>
    <ClCompile Include="src\libsodium\crypto_sign\ed25519\ref10\sign.c">
      <Filter>Source Files</Filter>
    </ClCompile>
    <ClCompile Include="src\libsodium\crypto_sign\ed25519\sign_ed25519_api.c">
      <Filter>Source Files</Filter>
    </ClCompile>
    <ClCompile Include="src\libsodium\crypto_sign\edwards25519sha512batch\ref\sign_edwards25519sha512batch.c">
      <Filter>Source Files</Filter>
    </ClCompile>
    <ClCompile Include="src\libsodium\crypto_sign\edwards25519sha512batch\sign_edwards25519sha512batch_api.c">
      <Filter>Source Files</Filter>
    </ClCompile>
    <ClCompile Include="src\libsodium\crypto_stream\aes256estream\hongjun\aes256-ctr.c">
      <Filter>Source Files</Filter>
    </ClCompile>
    <ClCompile Include="src\libsodium\crypto_stream\aes128ctr\portable\afternm_aes128ctr.c">
      <Filter>Source Files</Filter>
    </ClCompile>
    <ClCompile Include="src\libsodium\crypto_stream\aes128ctr\portable\beforenm_aes128ctr.c">
      <Filter>Source Files</Filter>
    </ClCompile>
    <ClCompile Include="src\libsodium\crypto_stream\aes128ctr\portable\common_aes128ctr.c">
      <Filter>Source Files</Filter>
    </ClCompile>
    <ClCompile Include="src\libsodium\crypto_stream\aes128ctr\portable\consts_aes128ctr.c">
      <Filter>Source Files</Filter>
    </ClCompile>
    <ClCompile Include="src\libsodium\crypto_stream\crypto_stream.c">
      <Filter>Source Files</Filter>
    </ClCompile>
    <ClCompile Include="src\libsodium\crypto_stream\aes128ctr\portable\int128_aes128ctr.c">
      <Filter>Source Files</Filter>
    </ClCompile>
    <ClCompile Include="src\libsodium\crypto_stream\aes128ctr\portable\stream_aes128ctr.c">
      <Filter>Source Files</Filter>
    </ClCompile>
    <ClCompile Include="src\libsodium\crypto_stream\aes128ctr\stream_aes128ctr_api.c">
      <Filter>Source Files</Filter>
    </ClCompile>
    <ClCompile Include="src\libsodium\crypto_stream\aes256estream\stream_aes256estream_api.c">
      <Filter>Source Files</Filter>
    </ClCompile>
    <ClCompile Include="src\libsodium\crypto_stream\salsa20\stream_salsa20_api.c">
      <Filter>Source Files</Filter>
    </ClCompile>
    <ClCompile Include="src\libsodium\crypto_stream\salsa20\ref\stream_salsa20_ref.c">
      <Filter>Source Files</Filter>
    </ClCompile>
    <ClCompile Include="src\libsodium\crypto_stream\salsa208\ref\stream_salsa208.c">
      <Filter>Source Files</Filter>
    </ClCompile>
    <ClCompile Include="src\libsodium\crypto_stream\salsa208\stream_salsa208_api.c">
      <Filter>Source Files</Filter>
    </ClCompile>
    <ClCompile Include="src\libsodium\crypto_stream\salsa2012\ref\stream_salsa2012.c">
      <Filter>Source Files</Filter>
    </ClCompile>
    <ClCompile Include="src\libsodium\crypto_stream\salsa2012\stream_salsa2012_api.c">
      <Filter>Source Files</Filter>
    </ClCompile>
    <ClCompile Include="src\libsodium\crypto_stream\xsalsa20\ref\stream_xsalsa20.c">
      <Filter>Source Files</Filter>
    </ClCompile>
    <ClCompile Include="src\libsodium\crypto_stream\xsalsa20\stream_xsalsa20_api.c">
      <Filter>Source Files</Filter>
    </ClCompile>
    <ClCompile Include="src\libsodium\crypto_stream\aes128ctr\portable\xor_afternm_aes128ctr.c">
      <Filter>Source Files</Filter>
    </ClCompile>
    <ClCompile Include="src\libsodium\crypto_stream\salsa20\ref\xor_salsa20_ref.c">
      <Filter>Source Files</Filter>
    </ClCompile>
    <ClCompile Include="src\libsodium\crypto_stream\salsa208\ref\xor_salsa208.c">
      <Filter>Source Files</Filter>
    </ClCompile>
    <ClCompile Include="src\libsodium\crypto_stream\salsa2012\ref\xor_salsa2012.c">
      <Filter>Source Files</Filter>
    </ClCompile>
    <ClCompile Include="src\libsodium\crypto_stream\xsalsa20\ref\xor_xsalsa20.c">
      <Filter>Source Files</Filter>
    </ClCompile>
    <ClCompile Include="src\libsodium\crypto_verify\16\ref\verify_16.c">
      <Filter>Source Files</Filter>
    </ClCompile>
    <ClCompile Include="src\libsodium\crypto_verify\16\verify_16_api.c">
      <Filter>Source Files</Filter>
    </ClCompile>
    <ClCompile Include="src\libsodium\crypto_verify\32\ref\verify_32.c">
      <Filter>Source Files</Filter>
    </ClCompile>
    <ClCompile Include="src\libsodium\crypto_verify\32\verify_32_api.c">
      <Filter>Source Files</Filter>
    </ClCompile>
    <ClCompile Include="src\libsodium\sodium\compat.c">
      <Filter>Source Files</Filter>
    </ClCompile>
    <ClCompile Include="src\libsodium\sodium\core.c">
      <Filter>Source Files</Filter>
    </ClCompile>
    <ClCompile Include="src\libsodium\sodium\utils.c">
      <Filter>Source Files</Filter>
    </ClCompile>
    <ClCompile Include="src\libsodium\sodium\version.c">
      <Filter>Source Files</Filter>
    </ClCompile>
    <ClCompile Include="src\libsodium\randombytes\randombytes.c">
      <Filter>Source Files</Filter>
    </ClCompile>
    <ClCompile Include="src\libsodium\randombytes\salsa20\randombytes_salsa20_random.c">
      <Filter>Source Files</Filter>
    </ClCompile>
    <ClCompile Include="src\libsodium\randombytes\sysrandom\randombytes_sysrandom.c">
      <Filter>Source Files</Filter>
    </ClCompile>
  </ItemGroup>
</Project>