<?xml version="1.0" encoding="utf-8"?>
<Project ToolsVersion="4.0" xmlns="http://schemas.microsoft.com/developer/msbuild/2003">
  <ItemGroup>
    <ClInclude Include="..\..\..\..\src\libsodium\include\sodium.h">
      <Filter>include</Filter>
    </ClInclude>
    <ClCompile Include="..\..\..\..\src\libsodium\crypto_box\curve25519xsalsa20poly1305\ref\after_curve25519xsalsa20poly1305.c">
      <Filter>src\crypto_box\curve25519xsalsa20poly1305\ref</Filter>
    </ClCompile>
    <ClCompile Include="..\..\..\..\src\libsodium\crypto_stream\aes128ctr\portable\afternm_aes128ctr.c">
      <Filter>src\crypto_stream\aes128ctr\portable</Filter>
    </ClCompile>
    <ClCompile Include="..\..\..\..\src\libsodium\crypto_auth\hmacsha256\auth_hmacsha256_api.c">
      <Filter>src\crypto_auth\hmacsha256</Filter>
    </ClCompile>
    <ClCompile Include="..\..\..\..\src\libsodium\crypto_auth\hmacsha512256\auth_hmacsha512256_api.c">
      <Filter>src\crypto_auth\hmacsha512256</Filter>
    </ClCompile>
    <ClCompile Include="..\..\..\..\src\libsodium\crypto_box\curve25519xsalsa20poly1305\ref\before_curve25519xsalsa20poly1305.c">
      <Filter>src\crypto_box\curve25519xsalsa20poly1305\ref</Filter>
    </ClCompile>
    <ClCompile Include="..\..\..\..\src\libsodium\crypto_stream\aes128ctr\portable\beforenm_aes128ctr.c">
      <Filter>src\crypto_stream\aes128ctr\portable</Filter>
    </ClCompile>
    <ClCompile Include="..\..\..\..\src\libsodium\crypto_generichash\blake2\ref\blake2b-ref.c">
      <Filter>src\crypto_generichash\blake2\ref</Filter>
    </ClCompile>
    <ClCompile Include="..\..\..\..\src\libsodium\crypto_box\curve25519xsalsa20poly1305\ref\box_curve25519xsalsa20poly1305.c">
      <Filter>src\crypto_box\curve25519xsalsa20poly1305\ref</Filter>
    </ClCompile>
    <ClCompile Include="..\..\..\..\src\libsodium\crypto_box\curve25519xsalsa20poly1305\box_curve25519xsalsa20poly1305_api.c">
      <Filter>src\crypto_box\curve25519xsalsa20poly1305</Filter>
    </ClCompile>
    <ClCompile Include="..\..\..\..\src\libsodium\crypto_stream\aes128ctr\portable\consts_aes128ctr.c">
      <Filter>src\crypto_stream\aes128ctr\portable</Filter>
    </ClCompile>
    <ClCompile Include="..\..\..\..\src\libsodium\crypto_core\hsalsa20\ref2\core_hsalsa20.c">
      <Filter>src\crypto_core\hsalsa20\ref2</Filter>
    </ClCompile>
    <ClCompile Include="..\..\..\..\src\libsodium\crypto_core\hsalsa20\core_hsalsa20_api.c">
      <Filter>src\crypto_core\hsalsa20</Filter>
    </ClCompile>
    <ClCompile Include="..\..\..\..\src\libsodium\crypto_core\salsa20\ref\core_salsa20.c">
      <Filter>src\crypto_core\salsa20\ref</Filter>
    </ClCompile>
    <ClCompile Include="..\..\..\..\src\libsodium\crypto_core\salsa20\core_salsa20_api.c">
      <Filter>src\crypto_core\salsa20</Filter>
    </ClCompile>
    <ClCompile Include="..\..\..\..\src\libsodium\crypto_core\salsa208\ref\core_salsa208.c">
      <Filter>src\crypto_core\salsa208\ref</Filter>
    </ClCompile>
    <ClCompile Include="..\..\..\..\src\libsodium\crypto_core\salsa208\core_salsa208_api.c">
      <Filter>src\crypto_core\salsa208</Filter>
    </ClCompile>
    <ClCompile Include="..\..\..\..\src\libsodium\crypto_core\salsa2012\ref\core_salsa2012.c">
      <Filter>src\crypto_core\salsa2012</Filter>
    </ClCompile>
    <ClCompile Include="..\..\..\..\src\libsodium\crypto_core\salsa2012\core_salsa2012_api.c">
      <Filter>src\crypto_core\salsa2012</Filter>
    </ClCompile>
    <ClCompile Include="..\..\..\..\src\libsodium\crypto_auth\crypto_auth.c">
      <Filter>src\crypto_auth</Filter>
    </ClCompile>
    <ClCompile Include="..\..\..\..\src\libsodium\crypto_box\crypto_box.c">
      <Filter>src\crypto_box</Filter>
    </ClCompile>
    <ClCompile Include="..\..\..\..\src\libsodium\crypto_generichash\crypto_generichash.c">
      <Filter>src\crypto_generichash</Filter>
    </ClCompile>
    <ClCompile Include="..\..\..\..\src\libsodium\crypto_hash\crypto_hash.c">
      <Filter>src\crypto_hash</Filter>
    </ClCompile>
    <ClCompile Include="..\..\..\..\src\libsodium\crypto_onetimeauth\crypto_onetimeauth.c">
      <Filter>src\crypto_onetimeauth</Filter>
    </ClCompile>
    <ClCompile Include="..\..\..\..\src\libsodium\crypto_scalarmult\crypto_scalarmult.c">
      <Filter>src\crypto_scalarmult</Filter>
    </ClCompile>
    <ClCompile Include="..\..\..\..\src\libsodium\crypto_secretbox\crypto_secretbox.c">
      <Filter>src\crypto_secretbox</Filter>
    </ClCompile>
    <ClCompile Include="..\..\..\..\src\libsodium\crypto_shorthash\crypto_shorthash.c">
      <Filter>src\crypto_shorthash</Filter>
    </ClCompile>
    <ClCompile Include="..\..\..\..\src\libsodium\crypto_sign\crypto_sign.c">
      <Filter>src\crypto_sign</Filter>
    </ClCompile>
    <ClCompile Include="..\..\..\..\src\libsodium\crypto_stream\crypto_stream.c">
      <Filter>src\crypto_stream</Filter>
    </ClCompile>
    <ClCompile Include="..\..\..\..\src\libsodium\crypto_generichash\blake2\generichash_blake2_api.c">
      <Filter>src\crypto_generichash\blake2</Filter>
    </ClCompile>
    <ClCompile Include="..\..\..\..\src\libsodium\crypto_generichash\blake2\ref\generichash_blake2b.c">
      <Filter>src\crypto_generichash\blake2\ref</Filter>
    </ClCompile>
    <ClCompile Include="..\..\..\..\src\libsodium\crypto_hash\sha256\hash_sha256_api.c">
      <Filter>src\crypto_hash\sha256</Filter>
    </ClCompile>
    <ClCompile Include="..\..\..\..\src\libsodium\crypto_hash\sha512\hash_sha512_api.c">
      <Filter>src\crypto_hash\sha512</Filter>
    </ClCompile>
    <ClCompile Include="..\..\..\..\src\libsodium\crypto_stream\aes128ctr\portable\int128_aes128ctr.c">
      <Filter>src\crypto_stream\aes128ctr\portable</Filter>
    </ClCompile>
    <ClCompile Include="..\..\..\..\src\libsodium\crypto_onetimeauth\poly1305\onetimeauth_poly1305.c">
      <Filter>src\crypto_onetimeauth\poly1305</Filter>
    </ClCompile>
    <ClCompile Include="..\..\..\..\src\libsodium\crypto_box\curve25519xsalsa20poly1305\ref\keypair_curve25519xsalsa20poly1305.c">
      <Filter>src\crypto_box\curve25519xsalsa20poly1305\ref</Filter>
    </ClCompile>
    <ClCompile Include="..\..\..\..\src\libsodium\crypto_secretbox\xsalsa20poly1305\secretbox_xsalsa20poly1305_api.c">
      <Filter>src\crypto_secretbox\xsalsa20poly1305</Filter>
    </ClCompile>
    <ClCompile Include="..\..\..\..\src\libsodium\crypto_shorthash\siphash24\ref\shorthash_siphash24.c">
      <Filter>src\crypto_shorthash\siphash24\ref</Filter>
    </ClCompile>
    <ClCompile Include="..\..\..\..\src\libsodium\crypto_shorthash\siphash24\shorthash_siphash24_api.c">
      <Filter>src\crypto_shorthash\siphash24</Filter>
    </ClCompile>
    <ClCompile Include="..\..\..\..\src\libsodium\crypto_sign\ed25519\sign_ed25519_api.c">
      <Filter>src\crypto_sign\ed25519</Filter>
    </ClCompile>
    <ClCompile Include="..\..\..\..\src\libsodium\crypto_stream\aes128ctr\portable\stream_aes128ctr.c">
      <Filter>src\crypto_stream\aes128ctr\portable</Filter>
    </ClCompile>
    <ClCompile Include="..\..\..\..\src\libsodium\crypto_stream\aes128ctr\stream_aes128ctr_api.c">
      <Filter>src\crypto_stream\aes128ctr</Filter>
    </ClCompile>
    <ClCompile Include="..\..\..\..\src\libsodium\crypto_stream\salsa20\stream_salsa20_api.c">
      <Filter>src\crypto_stream\salsa20</Filter>
    </ClCompile>
    <ClCompile Include="..\..\..\..\src\libsodium\crypto_stream\salsa208\ref\stream_salsa208.c">
      <Filter>src\crypto_stream\salsa208\ref</Filter>
    </ClCompile>
    <ClCompile Include="..\..\..\..\src\libsodium\crypto_stream\salsa208\stream_salsa208_api.c">
      <Filter>src\crypto_stream\salsa208</Filter>
    </ClCompile>
    <ClCompile Include="..\..\..\..\src\libsodium\crypto_stream\salsa2012\ref\stream_salsa2012.c">
      <Filter>src\crypto_stream\salsa2012\ref</Filter>
    </ClCompile>
    <ClCompile Include="..\..\..\..\src\libsodium\crypto_stream\salsa2012\stream_salsa2012_api.c">
      <Filter>src\crypto_stream\salsa2012</Filter>
    </ClCompile>
    <ClCompile Include="..\..\..\..\src\libsodium\crypto_stream\xsalsa20\ref\stream_xsalsa20.c">
      <Filter>src\crypto_stream\xsalsa20\ref</Filter>
    </ClCompile>
    <ClCompile Include="..\..\..\..\src\libsodium\crypto_stream\xsalsa20\stream_xsalsa20_api.c">
      <Filter>src\crypto_stream\xsalsa20</Filter>
    </ClCompile>
    <ClCompile Include="..\..\..\..\src\libsodium\crypto_stream\aes128ctr\portable\xor_afternm_aes128ctr.c">
      <Filter>src\crypto_stream\aes128ctr\portable</Filter>
    </ClCompile>
    <ClCompile Include="..\..\..\..\src\libsodium\crypto_stream\salsa208\ref\xor_salsa208.c">
      <Filter>src\crypto_stream\salsa208\ref</Filter>
    </ClCompile>
    <ClCompile Include="..\..\..\..\src\libsodium\crypto_stream\salsa2012\ref\xor_salsa2012.c">
      <Filter>src\crypto_stream\salsa2012\ref</Filter>
    </ClCompile>
    <ClCompile Include="..\..\..\..\src\libsodium\crypto_stream\xsalsa20\ref\xor_xsalsa20.c">
      <Filter>src\crypto_stream\xsalsa20\ref</Filter>
    </ClCompile>
    <ClCompile Include="..\..\..\..\src\libsodium\crypto_box\crypto_box_easy.c">
      <Filter>src\crypto_box</Filter>
    </ClCompile>
    <ClCompile Include="..\..\..\..\src\libsodium\crypto_box\crypto_box_seal.c">
      <Filter>src\crypto_box</Filter>
    </ClCompile>
    <ClCompile Include="..\..\..\..\src\libsodium\crypto_secretbox\crypto_secretbox_easy.c">
      <Filter>src\crypto_secretbox</Filter>
    </ClCompile>
    <ClCompile Include="..\..\..\..\src\libsodium\crypto_hash\sha256\cp\hash_sha256.c">
      <Filter>src\crypto_hash\sha256\cp</Filter>
    </ClCompile>
    <ClCompile Include="..\..\..\..\src\libsodium\crypto_auth\hmacsha256\cp\hmac_hmacsha256.c">
      <Filter>src\crypto_auth\hmacsha256\cp</Filter>
    </ClCompile>
    <ClCompile Include="..\..\..\..\src\libsodium\crypto_auth\hmacsha256\cp\verify_hmacsha256.c">
      <Filter>src\crypto_auth\hmacsha256\cp</Filter>
    </ClCompile>
    <ClCompile Include="..\..\..\..\src\libsodium\crypto_hash\sha512\cp\hash_sha512.c">
      <Filter>src\crypto_hash\sha512\cp</Filter>
    </ClCompile>
    <ClCompile Include="..\..\..\..\src\libsodium\crypto_auth\hmacsha512\cp\hmac_hmacsha512.c">
      <Filter>src\crypto_auth\hmacsha512\cp</Filter>
    </ClCompile>
    <ClCompile Include="..\..\..\..\src\libsodium\crypto_auth\hmacsha512256\cp\hmac_hmacsha512256.c">
      <Filter>src\crypto_auth\hmacsha512256\cp</Filter>
    </ClCompile>
    <ClCompile Include="..\..\..\..\src\libsodium\crypto_auth\hmacsha512256\cp\verify_hmacsha512256.c">
      <Filter>src\crypto_auth\hmacsha512256\cp</Filter>
    </ClCompile>
    <ClCompile Include="..\..\..\..\src\libsodium\sodium\core.c">
      <Filter>src\sodium</Filter>
    </ClCompile>
    <ClCompile Include="..\..\..\..\src\libsodium\sodium\utils.c">
      <Filter>src\sodium</Filter>
    </ClCompile>
    <ClCompile Include="..\..\..\..\src\libsodium\sodium\version.c">
      <Filter>src\sodium</Filter>
    </ClCompile>
    <ClCompile Include="..\..\..\..\src\libsodium\randombytes\randombytes.c">
      <Filter>src\randombytes</Filter>
    </ClCompile>
    <ClCompile Include="..\..\..\..\src\libsodium\crypto_verify\16\verify_16_api.c">
      <Filter>src\crypto_verify\16</Filter>
    </ClCompile>
    <ClCompile Include="..\..\..\..\src\libsodium\crypto_verify\32\verify_32_api.c">
      <Filter>src\crypto_verify\32</Filter>
    </ClCompile>
    <ClCompile Include="..\..\..\..\src\libsodium\crypto_verify\64\verify_64_api.c">
      <Filter>src\crypto_verify\64</Filter>
    </ClCompile>
    <ClCompile Include="..\..\..\..\src\libsodium\crypto_verify\64\ref\verify_64.c">
      <Filter>src\crypto_verify\64\ref</Filter>
    </ClCompile>
    <ClCompile Include="..\..\..\..\src\libsodium\crypto_verify\32\ref\verify_32.c">
      <Filter>src\crypto_verify\32\ref</Filter>
    </ClCompile>
    <ClCompile Include="..\..\..\..\src\libsodium\crypto_verify\16\ref\verify_16.c">
      <Filter>src\crypto_verify\16\ref</Filter>
    </ClCompile>
    <ClCompile Include="..\..\..\..\src\libsodium\randombytes\salsa20\randombytes_salsa20_random.c">
      <Filter>src\randombytes\salsa20</Filter>
    </ClCompile>
    <ClCompile Include="..\..\..\..\src\libsodium\randombytes\sysrandom\randombytes_sysrandom.c">
      <Filter>src\randombytes\sysrandom</Filter>
    </ClCompile>
    <ClCompile Include="..\..\..\..\src\libsodium\crypto_auth\hmacsha512\auth_hmacsha512_api.c">
      <Filter>src\crypto_auth\hmacsha512</Filter>
    </ClCompile>
    <ClCompile Include="..\..\..\..\src\libsodium\crypto_pwhash\scryptsalsa208sha256\crypto_scrypt-common.c">
      <Filter>src\crypto_pwhash\scryptsalsa208sha256</Filter>
    </ClCompile>
    <ClCompile Include="..\..\..\..\src\libsodium\crypto_pwhash\scryptsalsa208sha256\pbkdf2-sha256.c">
      <Filter>src\crypto_pwhash\scryptsalsa208sha256</Filter>
    </ClCompile>
    <ClCompile Include="..\..\..\..\src\libsodium\crypto_pwhash\scryptsalsa208sha256\scrypt_platform.c">
      <Filter>src\crypto_pwhash\scryptsalsa208sha256</Filter>
    </ClCompile>
    <ClCompile Include="..\..\..\..\src\libsodium\crypto_auth\hmacsha512\cp\verify_hmacsha512.c">
      <Filter>src\crypto_auth\hmacsha512\cp</Filter>
    </ClCompile>
    <ClCompile Include="..\..\..\..\src\libsodium\crypto_secretbox\xsalsa20poly1305\ref\box_xsalsa20poly1305.c">
      <Filter>src\crypto_secretbox\xsalsa20poly1305\ref</Filter>
    </ClCompile>
    <ClCompile Include="..\..\..\..\src\libsodium\sodium\runtime.c">
      <Filter>src\sodium</Filter>
    </ClCompile>
    <ClCompile Include="..\..\..\..\src\libsodium\crypto_pwhash\scryptsalsa208sha256\pwhash_scryptsalsa208sha256.c">
      <Filter>src\crypto_pwhash\scryptsalsa208sha256</Filter>
    </ClCompile>
    <ClCompile Include="..\..\..\..\src\libsodium\crypto_pwhash\scryptsalsa208sha256\nosse\pwhash_scryptsalsa208sha256_nosse.c">
      <Filter>src\crypto_pwhash\scryptsalsa208sha256\nosse</Filter>
    </ClCompile>
    <ClCompile Include="..\..\..\..\src\libsodium\crypto_pwhash\scryptsalsa208sha256\sse\pwhash_scryptsalsa208sha256_sse.c">
      <Filter>src\crypto_pwhash\scryptsalsa208sha256\sse</Filter>
    </ClCompile>
    <ClCompile Include="..\..\..\..\src\libsodium\crypto_stream\salsa20\ref\stream_salsa20_ref.c">
      <Filter>src\crypto_stream\salsa20\ref</Filter>
    </ClCompile>
    <ClCompile Include="..\..\..\..\src\libsodium\crypto_stream\salsa20\ref\xor_salsa20_ref.c">
      <Filter>src\crypto_stream\salsa20\ref</Filter>
    </ClCompile>
    <ClInclude Include="..\..\..\..\src\libsodium\include\sodium\core.h">
      <Filter>include\sodium</Filter>
    </ClInclude>
    <ClInclude Include="..\..\..\..\src\libsodium\include\sodium\crypto_aead_aes256gcm.h">
      <Filter>include\sodium</Filter>
    </ClInclude>
    <ClInclude Include="..\..\..\..\src\libsodium\include\sodium\crypto_aead_chacha20poly1305.h">
      <Filter>include\sodium</Filter>
    </ClInclude>
    <ClInclude Include="..\..\..\..\src\libsodium\include\sodium\crypto_auth.h">
      <Filter>include\sodium</Filter>
    </ClInclude>
    <ClInclude Include="..\..\..\..\src\libsodium\include\sodium\crypto_auth_hmacsha256.h">
      <Filter>include\sodium</Filter>
    </ClInclude>
    <ClInclude Include="..\..\..\..\src\libsodium\include\sodium\crypto_auth_hmacsha512.h">
      <Filter>include\sodium</Filter>
    </ClInclude>
    <ClInclude Include="..\..\..\..\src\libsodium\include\sodium\crypto_auth_hmacsha512256.h">
      <Filter>include\sodium</Filter>
    </ClInclude>
    <ClInclude Include="..\..\..\..\src\libsodium\include\sodium\crypto_box.h">
      <Filter>include\sodium</Filter>
    </ClInclude>
    <ClInclude Include="..\..\..\..\src\libsodium\include\sodium\crypto_box_curve25519xsalsa20poly1305.h">
      <Filter>include\sodium</Filter>
    </ClInclude>
    <ClInclude Include="..\..\..\..\src\libsodium\include\sodium\crypto_core_hchacha20.h">
      <Filter>include\sodium</Filter>
    </ClInclude>
    <ClInclude Include="..\..\..\..\src\libsodium\include\sodium\crypto_core_hsalsa20.h">
      <Filter>include\sodium</Filter>
    </ClInclude>
    <ClInclude Include="..\..\..\..\src\libsodium\include\sodium\crypto_core_salsa20.h">
      <Filter>include\sodium</Filter>
    </ClInclude>
    <ClInclude Include="..\..\..\..\src\libsodium\include\sodium\crypto_core_salsa208.h">
      <Filter>include\sodium</Filter>
    </ClInclude>
    <ClInclude Include="..\..\..\..\src\libsodium\include\sodium\crypto_core_salsa2012.h">
      <Filter>include\sodium</Filter>
    </ClInclude>
    <ClInclude Include="..\..\..\..\src\libsodium\include\sodium\crypto_generichash.h">
      <Filter>include\sodium</Filter>
    </ClInclude>
    <ClInclude Include="..\..\..\..\src\libsodium\include\sodium\crypto_generichash_blake2b.h">
      <Filter>include\sodium</Filter>
    </ClInclude>
    <ClInclude Include="..\..\..\..\src\libsodium\include\sodium\crypto_hash.h">
      <Filter>include\sodium</Filter>
    </ClInclude>
    <ClInclude Include="..\..\..\..\src\libsodium\include\sodium\crypto_hash_sha256.h">
      <Filter>include\sodium</Filter>
    </ClInclude>
    <ClInclude Include="..\..\..\..\src\libsodium\include\sodium\crypto_hash_sha512.h">
      <Filter>include\sodium</Filter>
    </ClInclude>
    <ClInclude Include="..\..\..\..\src\libsodium\include\sodium\crypto_int32.h">
      <Filter>include\sodium</Filter>
    </ClInclude>
    <ClInclude Include="..\..\..\..\src\libsodium\include\sodium\crypto_int64.h">
      <Filter>include\sodium</Filter>
    </ClInclude>
    <ClInclude Include="..\..\..\..\src\libsodium\include\sodium\crypto_onetimeauth.h">
      <Filter>include\sodium</Filter>
    </ClInclude>
    <ClInclude Include="..\..\..\..\src\libsodium\include\sodium\crypto_onetimeauth_poly1305.h">
      <Filter>include\sodium</Filter>
    </ClInclude>
    <ClInclude Include="..\..\..\..\src\libsodium\include\sodium\crypto_pwhash.h">
      <Filter>include\sodium</Filter>
    </ClInclude>
    <ClInclude Include="..\..\..\..\src\libsodium\include\sodium\crypto_pwhash_argon2i.h">
      <Filter>include\sodium</Filter>
    </ClInclude>
    <ClInclude Include="..\..\..\..\src\libsodium\include\sodium\crypto_pwhash_scryptsalsa208sha256.h">
      <Filter>include\sodium</Filter>
    </ClInclude>
    <ClInclude Include="..\..\..\..\src\libsodium\include\sodium\crypto_scalarmult.h">
      <Filter>include\sodium</Filter>
    </ClInclude>
    <ClInclude Include="..\..\..\..\src\libsodium\include\sodium\crypto_scalarmult_curve25519.h">
      <Filter>include\sodium</Filter>
    </ClInclude>
    <ClInclude Include="..\..\..\..\src\libsodium\include\sodium\crypto_secretbox.h">
      <Filter>include\sodium</Filter>
    </ClInclude>
    <ClInclude Include="..\..\..\..\src\libsodium\include\sodium\crypto_secretbox_xsalsa20poly1305.h">
      <Filter>include\sodium</Filter>
    </ClInclude>
    <ClInclude Include="..\..\..\..\src\libsodium\include\sodium\crypto_shorthash.h">
      <Filter>include\sodium</Filter>
    </ClInclude>
    <ClInclude Include="..\..\..\..\src\libsodium\include\sodium\crypto_shorthash_siphash24.h">
      <Filter>include\sodium</Filter>
    </ClInclude>
    <ClInclude Include="..\..\..\..\src\libsodium\include\sodium\crypto_sign.h">
      <Filter>include\sodium</Filter>
    </ClInclude>
    <ClInclude Include="..\..\..\..\src\libsodium\include\sodium\crypto_sign_ed25519.h">
      <Filter>include\sodium</Filter>
    </ClInclude>
    <ClInclude Include="..\..\..\..\src\libsodium\include\sodium\crypto_sign_edwards25519sha512batch.h">
      <Filter>include\sodium</Filter>
    </ClInclude>
    <ClInclude Include="..\..\..\..\src\libsodium\include\sodium\crypto_stream.h">
      <Filter>include\sodium</Filter>
    </ClInclude>
    <ClInclude Include="..\..\..\..\src\libsodium\include\sodium\crypto_stream_aes128ctr.h">
      <Filter>include\sodium</Filter>
    </ClInclude>
    <ClInclude Include="..\..\..\..\src\libsodium\include\sodium\crypto_stream_chacha20.h">
      <Filter>include\sodium</Filter>
    </ClInclude>
    <ClInclude Include="..\..\..\..\src\libsodium\include\sodium\crypto_stream_salsa20.h">
      <Filter>include\sodium</Filter>
    </ClInclude>
    <ClInclude Include="..\..\..\..\src\libsodium\include\sodium\crypto_stream_salsa208.h">
      <Filter>include\sodium</Filter>
    </ClInclude>
    <ClInclude Include="..\..\..\..\src\libsodium\include\sodium\crypto_stream_salsa2012.h">
      <Filter>include\sodium</Filter>
    </ClInclude>
    <ClInclude Include="..\..\..\..\src\libsodium\include\sodium\crypto_stream_xsalsa20.h">
      <Filter>include\sodium</Filter>
    </ClInclude>
    <ClInclude Include="..\..\..\..\src\libsodium\include\sodium\crypto_uint8.h">
      <Filter>include\sodium</Filter>
    </ClInclude>
    <ClInclude Include="..\..\..\..\src\libsodium\include\sodium\crypto_uint16.h">
      <Filter>include\sodium</Filter>
    </ClInclude>
    <ClInclude Include="..\..\..\..\src\libsodium\include\sodium\crypto_uint32.h">
      <Filter>include\sodium</Filter>
    </ClInclude>
    <ClInclude Include="..\..\..\..\src\libsodium\include\sodium\crypto_uint64.h">
      <Filter>include\sodium</Filter>
    </ClInclude>
    <ClInclude Include="..\..\..\..\src\libsodium\include\sodium\crypto_verify_16.h">
      <Filter>include\sodium</Filter>
    </ClInclude>
    <ClInclude Include="..\..\..\..\src\libsodium\include\sodium\crypto_verify_32.h">
      <Filter>include\sodium</Filter>
    </ClInclude>
    <ClInclude Include="..\..\..\..\src\libsodium\include\sodium\crypto_verify_64.h">
      <Filter>include\sodium</Filter>
    </ClInclude>
    <ClInclude Include="..\..\..\..\src\libsodium\include\sodium\export.h">
      <Filter>include\sodium</Filter>
    </ClInclude>
    <ClInclude Include="..\..\..\..\src\libsodium\include\sodium\randombytes.h">
      <Filter>include\sodium</Filter>
    </ClInclude>
    <ClInclude Include="..\..\..\..\src\libsodium\include\sodium\randombytes_nativeclient.h">
      <Filter>include\sodium</Filter>
    </ClInclude>
    <ClInclude Include="..\..\..\..\src\libsodium\include\sodium\randombytes_salsa20_random.h">
      <Filter>include\sodium</Filter>
    </ClInclude>
    <ClInclude Include="..\..\..\..\src\libsodium\include\sodium\randombytes_sysrandom.h">
      <Filter>include\sodium</Filter>
    </ClInclude>
    <ClInclude Include="..\..\..\..\src\libsodium\include\sodium\runtime.h">
      <Filter>include\sodium</Filter>
    </ClInclude>
    <ClInclude Include="..\..\..\..\src\libsodium\include\sodium\utils.h">
      <Filter>include\sodium</Filter>
    </ClInclude>
    <ClInclude Include="..\..\..\..\src\libsodium\include\sodium\version.h">
      <Filter>include\sodium</Filter>
    </ClInclude>
  </ItemGroup>
  <ItemGroup>
    <None Include="..\..\..\..\packaging\nuget\package.bat">
      <Filter>packaging</Filter>
    </None>
    <None Include="..\..\..\..\packaging\nuget\package.gsl">
      <Filter>packaging</Filter>
    </None>
    <None Include="..\..\..\..\packaging\nuget\package.nuspec">
      <Filter>packaging</Filter>
    </None>
    <None Include="..\..\..\..\packaging\nuget\package.targets">
      <Filter>packaging</Filter>
    </None>
    <None Include="..\..\..\..\packaging\nuget\package.config">
      <Filter>packaging</Filter>
    </None>
    <Xml Include="..\..\..\..\packaging\nuget\package.xml">
      <Filter>packaging</Filter>
    </Xml>
    <None Include="..\..\..\..\src\libsodium\crypto_stream\salsa20\amd64_xmm6\stream_salsa20_amd64_xmm6.S">
      <Filter>src\crypto_stream\salsa20\amd64_xmm6</Filter>
    </None>
  </ItemGroup>
  <ItemGroup>
    <Filter Include="src">
      <UniqueIdentifier>{03c1f568-fa7f-499c-a616-a8e0f5050b97}</UniqueIdentifier>
    </Filter>
    <Filter Include="include">
      <UniqueIdentifier>{ddaca9ce-4d7d-4395-bfd2-2eda05bc80c2}</UniqueIdentifier>
    </Filter>
    <Filter Include="include\sodium">
      <UniqueIdentifier>{C7DE5B24-B5D1-47D0-A83A-8C9A123D782C}</UniqueIdentifier>
    </Filter>
    <Filter Include="packaging">
      <UniqueIdentifier>{b320f6a3-36a4-4b22-8c21-da7d2e12211a}</UniqueIdentifier>
    </Filter>
    <Filter Include="resource">
      <UniqueIdentifier>{983480f9-7320-4c01-b926-ee8dead5b916}</UniqueIdentifier>
    </Filter>
    <Filter Include="src\sodium">
      <UniqueIdentifier>{02bdfd8e-f5c5-4574-bbbb-c74529732ce6}</UniqueIdentifier>
    </Filter>
    <Filter Include="src\randombytes">
      <UniqueIdentifier>{a71cc7f9-91b7-4e8f-af53-6ffb34361504}</UniqueIdentifier>
    </Filter>
    <Filter Include="src\crypto_verify">
      <UniqueIdentifier>{e0e40095-6fcc-4d17-892c-59dbde8eecef}</UniqueIdentifier>
    </Filter>
    <Filter Include="src\crypto_verify\16">
      <UniqueIdentifier>{2a770536-f29b-4ec2-9abe-8e197f6568d3}</UniqueIdentifier>
    </Filter>
    <Filter Include="src\crypto_verify\32">
      <UniqueIdentifier>{61deff4c-da3d-4818-be86-f303cafafdf7}</UniqueIdentifier>
    </Filter>
    <Filter Include="src\crypto_verify\64">
      <UniqueIdentifier>{d7a19b71-c3e8-4269-9196-b84b75f80ea3}</UniqueIdentifier>
    </Filter>
    <Filter Include="src\crypto_verify\16\ref">
      <UniqueIdentifier>{a355e921-720c-400f-baa6-1ad7c92b0965}</UniqueIdentifier>
    </Filter>
    <Filter Include="src\crypto_verify\32\ref">
      <UniqueIdentifier>{8ec29d92-3133-45d3-918b-ec83736d8fad}</UniqueIdentifier>
    </Filter>
    <Filter Include="src\crypto_verify\64\ref">
      <UniqueIdentifier>{accf7bea-bb27-42b6-94ab-a61c5d33d2a8}</UniqueIdentifier>
    </Filter>
    <Filter Include="src\randombytes\salsa20">
      <UniqueIdentifier>{5b07228e-b709-44ed-a064-f955f12346b0}</UniqueIdentifier>
    </Filter>
    <Filter Include="src\randombytes\sysrandom">
      <UniqueIdentifier>{7d8294db-7351-4e51-8eaf-2c5cf480babb}</UniqueIdentifier>
    </Filter>
    <Filter Include="src\crypto_stream">
      <UniqueIdentifier>{9646b8af-9356-4554-901a-01d788977c8f}</UniqueIdentifier>
    </Filter>
    <Filter Include="src\crypto_auth">
      <UniqueIdentifier>{51474f49-0245-4469-ad60-1232b070f485}</UniqueIdentifier>
    </Filter>
    <Filter Include="src\crypto_box">
      <UniqueIdentifier>{076ae5b6-e83f-4dfd-8ad1-1cf9498163cf}</UniqueIdentifier>
    </Filter>
    <Filter Include="src\crypto_core">
      <UniqueIdentifier>{561681e2-2540-4d96-beab-1ab5d4c917c1}</UniqueIdentifier>
    </Filter>
    <Filter Include="src\crypto_generichash">
      <UniqueIdentifier>{120ddd61-6cd1-4942-98c4-d6f0d935561d}</UniqueIdentifier>
    </Filter>
    <Filter Include="src\crypto_hash">
      <UniqueIdentifier>{e368d8fe-75aa-4ae4-9108-44d7d2d6dd45}</UniqueIdentifier>
    </Filter>
    <Filter Include="src\crypto_onetimeauth">
      <UniqueIdentifier>{9c9ccf6a-9ddc-474f-b037-7283a2062441}</UniqueIdentifier>
    </Filter>
    <Filter Include="src\crypto_pwhash">
      <UniqueIdentifier>{a1d49972-da2e-4287-a896-3895b07b8bb6}</UniqueIdentifier>
    </Filter>
    <Filter Include="src\crypto_scalarmult">
      <UniqueIdentifier>{d57353dc-ff60-4ff7-95e1-76413f5b7412}</UniqueIdentifier>
    </Filter>
    <Filter Include="src\crypto_secretbox">
      <UniqueIdentifier>{abbfd1ef-8471-4249-a8ba-2127e6ec0d3e}</UniqueIdentifier>
    </Filter>
    <Filter Include="src\crypto_shorthash">
      <UniqueIdentifier>{b6607f53-b7ec-4e2f-b3be-005ec71ebbc8}</UniqueIdentifier>
    </Filter>
    <Filter Include="src\crypto_sign">
      <UniqueIdentifier>{2382394d-2013-4992-a192-925667930038}</UniqueIdentifier>
    </Filter>
    <Filter Include="src\crypto_auth\hmacsha256">
      <UniqueIdentifier>{e3443408-7481-46b8-b7d1-b0934db097af}</UniqueIdentifier>
    </Filter>
    <Filter Include="src\crypto_auth\hmacsha512">
      <UniqueIdentifier>{7b3b0e11-3a29-4041-8ff3-b2db3515a7ea}</UniqueIdentifier>
    </Filter>
    <Filter Include="src\crypto_auth\hmacsha512256">
      <UniqueIdentifier>{7b85001b-afbc-47ef-b9bc-2e88d42706b9}</UniqueIdentifier>
    </Filter>
    <Filter Include="src\crypto_box\curve25519xsalsa20poly1305">
      <UniqueIdentifier>{84e229c4-90ec-44ff-bc45-4f3124d1a76a}</UniqueIdentifier>
    </Filter>
    <Filter Include="src\crypto_core\hsalsa20">
      <UniqueIdentifier>{38f6b495-9ac2-466f-a5f5-6f167c962782}</UniqueIdentifier>
    </Filter>
    <Filter Include="src\crypto_core\salsa20">
      <UniqueIdentifier>{6e16e561-ad11-4163-b7f5-0f54e5a6be21}</UniqueIdentifier>
    </Filter>
    <Filter Include="src\crypto_core\salsa2012">
      <UniqueIdentifier>{defadbf0-a430-4113-b592-5bb8ccfb3db8}</UniqueIdentifier>
    </Filter>
    <Filter Include="src\crypto_core\salsa208">
      <UniqueIdentifier>{0ee43c44-b79e-407c-a81b-87e087125c2a}</UniqueIdentifier>
    </Filter>
    <Filter Include="src\crypto_generichash\blake2">
      <UniqueIdentifier>{7d028278-1392-4552-94ab-3b6ddc7d6244}</UniqueIdentifier>
    </Filter>
    <Filter Include="src\crypto_hash\sha256">
      <UniqueIdentifier>{e82bcfa5-052a-44af-a842-103f82afb038}</UniqueIdentifier>
    </Filter>
    <Filter Include="src\crypto_hash\sha512">
      <UniqueIdentifier>{8974bffa-329d-4c43-a335-1ef524931734}</UniqueIdentifier>
    </Filter>
    <Filter Include="src\crypto_onetimeauth\poly1305">
      <UniqueIdentifier>{b788850f-cd6a-49bb-a2fc-5dc217fb21a3}</UniqueIdentifier>
    </Filter>
    <Filter Include="src\crypto_pwhash\scryptsalsa208sha256">
      <UniqueIdentifier>{4dd0cec6-9024-4ca9-ad9f-e877e0aa4e39}</UniqueIdentifier>
    </Filter>
    <Filter Include="src\crypto_scalarmult\curve25519">
      <UniqueIdentifier>{bcf30ce5-e8cc-4c02-9411-1a493f7d0d2d}</UniqueIdentifier>
    </Filter>
    <Filter Include="src\crypto_secretbox\xsalsa20poly1305">
      <UniqueIdentifier>{f2d8043a-ea27-4c13-abae-12dfacbf9b2f}</UniqueIdentifier>
    </Filter>
    <Filter Include="src\crypto_shorthash\siphash24">
      <UniqueIdentifier>{72eb89ac-4a14-4edb-8e0f-2e7f83de9ee3}</UniqueIdentifier>
    </Filter>
    <Filter Include="src\crypto_sign\ed25519">
      <UniqueIdentifier>{b4a8182e-ac68-44ff-9326-4cc0a9061ed8}</UniqueIdentifier>
    </Filter>
    <Filter Include="src\crypto_stream\aes128ctr">
      <UniqueIdentifier>{ca40b775-e025-4359-87ae-02c771c1a222}</UniqueIdentifier>
    </Filter>
    <Filter Include="src\crypto_stream\salsa20">
      <UniqueIdentifier>{91c31952-2f36-418e-aa07-68ed57057d0f}</UniqueIdentifier>
    </Filter>
    <Filter Include="src\crypto_stream\salsa2012">
      <UniqueIdentifier>{6aaac1e4-ac4e-4ffb-8bbc-7eb2a7882720}</UniqueIdentifier>
    </Filter>
    <Filter Include="src\crypto_stream\salsa208">
      <UniqueIdentifier>{a4f08471-9539-4f8c-af00-b94d0755bd68}</UniqueIdentifier>
    </Filter>
    <Filter Include="src\crypto_stream\xsalsa20">
      <UniqueIdentifier>{8d2310cb-954e-4a9e-83bc-89258c241470}</UniqueIdentifier>
    </Filter>
    <Filter Include="src\crypto_stream\xsalsa20\ref">
      <UniqueIdentifier>{088d0208-228e-4fd3-989b-cc548cecf9cb}</UniqueIdentifier>
    </Filter>
    <Filter Include="src\crypto_stream\salsa208\ref">
      <UniqueIdentifier>{61ae16a0-1ba1-453d-a77c-db86d2be0568}</UniqueIdentifier>
    </Filter>
    <Filter Include="src\crypto_stream\salsa2012\ref">
      <UniqueIdentifier>{1c006197-b25b-48e8-833f-2dd59a571b9d}</UniqueIdentifier>
    </Filter>
    <Filter Include="src\crypto_stream\aes128ctr\portable">
      <UniqueIdentifier>{46eb8265-dc41-4289-aa7d-c1918e05cf75}</UniqueIdentifier>
    </Filter>
    <Filter Include="src\crypto_sign\ed25519\ref10">
      <UniqueIdentifier>{996fa5e1-cf7e-4b97-a502-edc874ee020d}</UniqueIdentifier>
    </Filter>
    <Filter Include="src\crypto_shorthash\siphash24\ref">
      <UniqueIdentifier>{4a1f7816-c9b5-4cfc-a4f3-54d094e13520}</UniqueIdentifier>
    </Filter>
    <Filter Include="src\crypto_pwhash\scryptsalsa208sha256\nosse">
      <UniqueIdentifier>{629a0d99-8735-4761-b41b-b2a91b1fdffa}</UniqueIdentifier>
    </Filter>
    <Filter Include="src\crypto_pwhash\scryptsalsa208sha256\sse">
      <UniqueIdentifier>{08465b05-7a80-40b5-bbe5-31914fdd6e7e}</UniqueIdentifier>
    </Filter>
    <Filter Include="src\crypto_onetimeauth\poly1305\donna">
      <UniqueIdentifier>{280d66b5-3cf2-47b0-b3a9-2e3035267cb0}</UniqueIdentifier>
    </Filter>
    <Filter Include="src\crypto_hash\sha512\cp">
      <UniqueIdentifier>{b7e800ab-220d-49ce-b083-52fd69f5c0d0}</UniqueIdentifier>
    </Filter>
    <Filter Include="src\crypto_hash\sha256\cp">
      <UniqueIdentifier>{83290051-5254-49d1-9681-7e075d369f2f}</UniqueIdentifier>
    </Filter>
    <Filter Include="src\crypto_generichash\blake2\ref">
      <UniqueIdentifier>{df0550dd-1947-4a0f-813a-9c52a3c92d30}</UniqueIdentifier>
    </Filter>
    <Filter Include="src\crypto_core\salsa208\ref">
      <UniqueIdentifier>{7800c160-ebba-47a3-bce5-513c8d59c721}</UniqueIdentifier>
    </Filter>
    <Filter Include="src\crypto_core\salsa2012\ref">
      <UniqueIdentifier>{d245433a-5e44-4984-8bf4-e3eabfd01080}</UniqueIdentifier>
    </Filter>
    <Filter Include="src\crypto_core\salsa20\ref">
      <UniqueIdentifier>{9d51019b-0714-4c0f-b110-b796b744b3b9}</UniqueIdentifier>
    </Filter>
    <Filter Include="src\crypto_core\hsalsa20\ref2">
      <UniqueIdentifier>{e07ef1ae-589b-4aba-95d7-828098035aba}</UniqueIdentifier>
    </Filter>
    <Filter Include="src\crypto_box\curve25519xsalsa20poly1305\ref">
      <UniqueIdentifier>{5b1a5bc3-65ad-4493-a29d-009300622f59}</UniqueIdentifier>
    </Filter>
    <Filter Include="src\crypto_auth\hmacsha512256\cp">
      <UniqueIdentifier>{ff4c9104-e49a-4a1a-8072-efd241caf957}</UniqueIdentifier>
    </Filter>
    <Filter Include="src\crypto_auth\hmacsha512\cp">
      <UniqueIdentifier>{0a601d97-867d-43c6-896a-037d3ccb1b64}</UniqueIdentifier>
    </Filter>
    <Filter Include="src\crypto_auth\hmacsha256\cp">
      <UniqueIdentifier>{c390ac60-d84b-4ba9-bdf8-d893e3c5a762}</UniqueIdentifier>
    </Filter>
    <Filter Include="src\crypto_secretbox\xsalsa20poly1305\ref">
      <UniqueIdentifier>{3062daf0-5f1a-4d51-b52d-809b05b5497d}</UniqueIdentifier>
    </Filter>
    <Filter Include="src\crypto_scalarmult\curve25519\donna_c64">
      <UniqueIdentifier>{0f487f99-d651-4965-b2e6-5da1a04b2f43}</UniqueIdentifier>
    </Filter>
    <Filter Include="src\crypto_stream\salsa20\ref">
      <UniqueIdentifier>{b5ca06e6-3e8f-4c47-9896-d97976c1b1ba}</UniqueIdentifier>
    </Filter>
    <Filter Include="src\crypto_stream\salsa20\amd64_xmm6">
      <UniqueIdentifier>{99f433de-7c93-48d2-9e94-0e43420b2c09}</UniqueIdentifier>
    </Filter>
    <Filter Include="src\crypto_scalarmult\curve25519\ref10">
      <UniqueIdentifier>{b547f668-5741-494e-b6ec-76ddace0d0ae}</UniqueIdentifier>
    </Filter>
    <Filter Include="src\crypto_stream\chacha20">
      <UniqueIdentifier>{938c242c-209d-4b20-8f75-6a543919382d}</UniqueIdentifier>
    </Filter>
    <Filter Include="src\crypto_stream\chacha20\ref">
      <UniqueIdentifier>{65197ddf-17b9-4b40-9f6e-c5ba4067785b}</UniqueIdentifier>
    </Filter>
    <Filter Include="src\crypto_aead">
      <UniqueIdentifier>{7a5c7f79-8538-46cb-a9ce-010f687acbc2}</UniqueIdentifier>
    </Filter>
    <Filter Include="src\crypto_aead\chacha20poly1305">
      <UniqueIdentifier>{404da9f2-09c6-4816-8afe-de701ddddb35}</UniqueIdentifier>
    </Filter>
    <Filter Include="src\crypto_aead\chacha20poly1305\sodium">
      <UniqueIdentifier>{da16d0f4-7f2d-4a0c-a0e2-92eec8662999}</UniqueIdentifier>
    </Filter>
    <Filter Include="src\crypto_aead\aes256gcm">
      <UniqueIdentifier>{a96f8390-4138-445d-87b2-cab5db567e3f}</UniqueIdentifier>
    </Filter>
    <Filter Include="src\crypto_aead\aes256gcm\aesni">
      <UniqueIdentifier>{8442e64a-2fc9-4ec4-b3fa-3dc3dacf154b}</UniqueIdentifier>
    </Filter>
    <Filter Include="src\crypto_core\curve25519">
      <UniqueIdentifier>{4e877437-e385-4ce8-9a09-0fa4cd3d788a}</UniqueIdentifier>
    </Filter>
    <Filter Include="src\crypto_core\curve25519\ref10">
      <UniqueIdentifier>{2d4cf435-f497-43f7-a7c1-7f45dac0d9d3}</UniqueIdentifier>
    </Filter>
    <Filter Include="src\crypto_pwhash\argon2">
      <UniqueIdentifier>{bae6391b-a246-4b12-aa1a-658cc4a1630b}</UniqueIdentifier>
    </Filter>
    <Filter Include="src\crypto_core\hchacha20">
      <UniqueIdentifier>{310fe25b-88a8-40aa-a550-b41563a97ee7}</UniqueIdentifier>
    </Filter>
  </ItemGroup>
  <ItemGroup>
    <ClCompile Include="..\..\..\..\src\libsodium\crypto_stream\chacha20\stream_chacha20.c">
      <Filter>src\crypto_stream\chacha20</Filter>
    </ClCompile>
    <ClCompile Include="..\..\..\..\src\libsodium\crypto_stream\chacha20\ref\stream_chacha20_ref.c">
      <Filter>src\crypto_stream\chacha20\ref</Filter>
    </ClCompile>
    <ClCompile Include="..\..\..\..\src\libsodium\crypto_aead\chacha20poly1305\sodium\aead_chacha20poly1305.c">
      <Filter>src\crypto_aead\chacha20poly1305\sodium</Filter>
    </ClCompile>
    <ClCompile Include="..\..\..\..\src\libsodium\crypto_aead\aes256gcm\aesni\aead_aes256gcm_aesni.c">
      <Filter>src\crypto_aead\aes256gcm\aesni</Filter>
    </ClCompile>
    <ClCompile Include="..\..\..\..\src\libsodium\crypto_generichash\blake2\ref\blake2b-compress-ref.c">
      <Filter>src\crypto_generichash\blake2\ref</Filter>
    </ClCompile>
    <ClCompile Include="..\..\..\..\src\libsodium\crypto_generichash\blake2\ref\blake2b-compress-avx2.c">
      <Filter>src\crypto_generichash\blake2\ref</Filter>
    </ClCompile>
    <ClCompile Include="..\..\..\..\src\libsodium\crypto_generichash\blake2\ref\blake2b-compress-sse41.c">
      <Filter>src\crypto_generichash\blake2\ref</Filter>
    </ClCompile>
    <ClCompile Include="..\..\..\..\src\libsodium\crypto_generichash\blake2\ref\blake2b-compress-ssse3.c">
      <Filter>src\crypto_generichash\blake2\ref</Filter>
    </ClCompile>
    <ClCompile Include="..\..\..\..\src\libsodium\crypto_onetimeauth\poly1305\donna\poly1305_donna.c">
      <Filter>src\crypto_onetimeauth\poly1305\donna</Filter>
    </ClCompile>
    <ClCompile Include="..\..\..\..\src\libsodium\crypto_scalarmult\curve25519\donna_c64\curve25519_donna_c64.c">
      <Filter>src\crypto_scalarmult\curve25519\donna_c64</Filter>
    </ClCompile>
    <ClCompile Include="..\..\..\..\src\libsodium\crypto_scalarmult\curve25519\scalarmult_curve25519.c">
      <Filter>src\crypto_scalarmult\curve25519</Filter>
    </ClCompile>
    <ClCompile Include="..\..\..\..\src\libsodium\crypto_core\curve25519\ref10\curve25519_ref10.c">
      <Filter>src\crypto_core\curve25519\ref10</Filter>
    </ClCompile>
    <ClCompile Include="..\..\..\..\src\libsodium\crypto_scalarmult\curve25519\ref10\x25519_ref10.c">
      <Filter>src\crypto_scalarmult\curve25519\ref10</Filter>
    </ClCompile>
    <ClCompile Include="..\..\..\..\src\libsodium\crypto_sign\ed25519\ref10\keypair.c">
      <Filter>src\crypto_sign\ed25519\ref10</Filter>
    </ClCompile>
    <ClCompile Include="..\..\..\..\src\libsodium\crypto_sign\ed25519\ref10\obsolete.c">
      <Filter>src\crypto_sign\ed25519\ref10</Filter>
    </ClCompile>
    <ClCompile Include="..\..\..\..\src\libsodium\crypto_sign\ed25519\ref10\open.c">
      <Filter>src\crypto_sign\ed25519\ref10</Filter>
    </ClCompile>
    <ClCompile Include="..\..\..\..\src\libsodium\crypto_sign\ed25519\ref10\sign.c">
      <Filter>src\crypto_sign\ed25519\ref10</Filter>
    </ClCompile>
    <ClCompile Include="..\..\..\..\src\libsodium\crypto_pwhash\crypto_pwhash.c">
      <Filter>src\crypto_pwhash</Filter>
    </ClCompile>
    <ClCompile Include="..\..\..\..\src\libsodium\crypto_pwhash\argon2\argon2.c">
      <Filter>src\crypto_pwhash\argon2</Filter>
    </ClCompile>
    <ClCompile Include="..\..\..\..\src\libsodium\crypto_pwhash\argon2\argon2-core.c">
      <Filter>src\crypto_pwhash\argon2</Filter>
    </ClCompile>
    <ClCompile Include="..\..\..\..\src\libsodium\crypto_pwhash\argon2\argon2-encoding.c">
      <Filter>src\crypto_pwhash\argon2</Filter>
    </ClCompile>
    <ClCompile Include="..\..\..\..\src\libsodium\crypto_pwhash\argon2\argon2-fill-block-ref.c">
      <Filter>src\crypto_pwhash\argon2</Filter>
    </ClCompile>
    <ClCompile Include="..\..\..\..\src\libsodium\crypto_pwhash\argon2\argon2-fill-block-ssse3.c">
      <Filter>src\crypto_pwhash\argon2</Filter>
    </ClCompile>
    <ClCompile Include="..\..\..\..\src\libsodium\crypto_pwhash\argon2\blake2b-long.c">
      <Filter>src\crypto_pwhash\argon2</Filter>
    </ClCompile>
    <ClCompile Include="..\..\..\..\src\libsodium\crypto_pwhash\argon2\pwhash_argon2i.c">
      <Filter>src\crypto_pwhash\argon2</Filter>
    </ClCompile>
    <ClCompile Include="..\..\..\..\src\libsodium\crypto_core\hchacha20\core_hchacha20.c">
      <Filter>src\crypto_core\hchacha20</Filter>
    </ClCompile>
  </ItemGroup>
</Project>
