<?xml version="1.0" encoding="utf-8"?>
<Project ToolsVersion="4.0" xmlns="http://schemas.microsoft.com/developer/msbuild/2003">
  <ItemGroup>
    <ClCompile Include="..\..\..\..\test\default\auth.c">
      <Filter>src</Filter>
    </ClCompile>
    <ClCompile Include="..\..\..\..\test\default\auth2.c">
      <Filter>src</Filter>
    </ClCompile>
    <ClCompile Include="..\..\..\..\test\default\auth3.c">
      <Filter>src</Filter>
    </ClCompile>
    <ClCompile Include="..\..\..\..\test\default\auth5.c">
      <Filter>src</Filter>
    </ClCompile>
    <ClCompile Include="..\..\..\..\test\default\box.c">
      <Filter>src</Filter>
    </ClCompile>
    <ClCompile Include="..\..\..\..\test\default\box_easy.c">
      <Filter>src</Filter>
    </ClCompile>
    <ClCompile Include="..\..\..\..\test\default\box_easy2.c">
      <Filter>src</Filter>
    </ClCompile>
    <ClCompile Include="..\..\..\..\test\default\box_seal.c">
      <Filter>src</Filter>
    </ClCompile>
    <ClCompile Include="..\..\..\..\test\default\box_seed.c">
      <Filter>src</Filter>
    </ClCompile>
    <ClCompile Include="..\..\..\..\test\default\box2.c">
      <Filter>src</Filter>
    </ClCompile>
    <ClCompile Include="..\..\..\..\test\default\box7.c">
      <Filter>src</Filter>
    </ClCompile>
    <ClCompile Include="..\..\..\..\test\default\box8.c">
      <Filter>src</Filter>
    </ClCompile>
    <ClCompile Include="..\..\..\..\test\default\core1.c">
      <Filter>src</Filter>
    </ClCompile>
    <ClCompile Include="..\..\..\..\test\default\core2.c">
      <Filter>src</Filter>
    </ClCompile>
    <ClCompile Include="..\..\..\..\test\default\core3.c">
      <Filter>src</Filter>
    </ClCompile>
    <ClCompile Include="..\..\..\..\test\default\core4.c">
      <Filter>src</Filter>
    </ClCompile>
    <ClCompile Include="..\..\..\..\test\default\core5.c">
      <Filter>src</Filter>
    </ClCompile>
    <ClCompile Include="..\..\..\..\test\default\core6.c">
      <Filter>src</Filter>
    </ClCompile>
    <ClCompile Include="..\..\..\..\test\default\ed25519_convert.c">
      <Filter>src</Filter>
    </ClCompile>
    <ClCompile Include="..\..\..\..\test\default\generichash.c">
      <Filter>src</Filter>
    </ClCompile>
    <ClCompile Include="..\..\..\..\test\default\generichash2.c">
      <Filter>src</Filter>
    </ClCompile>
    <ClCompile Include="..\..\..\..\test\default\generichash3.c">
      <Filter>src</Filter>
    </ClCompile>
    <ClCompile Include="..\..\..\..\test\default\hash.c">
      <Filter>src</Filter>
    </ClCompile>
    <ClCompile Include="..\..\..\..\test\default\hash3.c">
      <Filter>src</Filter>
    </ClCompile>
    <ClCompile Include="..\..\..\..\test\default\onetimeauth.c">
      <Filter>src</Filter>
    </ClCompile>
    <ClCompile Include="..\..\..\..\test\default\onetimeauth2.c">
      <Filter>src</Filter>
    </ClCompile>
    <ClCompile Include="..\..\..\..\test\default\onetimeauth7.c">
      <Filter>src</Filter>
    </ClCompile>
    <ClCompile Include="..\..\..\..\test\default\pwhash_scrypt_ll.c">
      <Filter>src</Filter>
    </ClCompile>
    <ClCompile Include="..\..\..\..\test\default\randombytes.c">
      <Filter>src</Filter>
    </ClCompile>
    <ClCompile Include="..\..\..\..\test\default\scalarmult.c">
      <Filter>src</Filter>
    </ClCompile>
    <ClCompile Include="..\..\..\..\test\default\scalarmult2.c">
      <Filter>src</Filter>
    </ClCompile>
    <ClCompile Include="..\..\..\..\test\default\scalarmult5.c">
      <Filter>src</Filter>
    </ClCompile>
    <ClCompile Include="..\..\..\..\test\default\scalarmult6.c">
      <Filter>src</Filter>
    </ClCompile>
    <ClCompile Include="..\..\..\..\test\default\scalarmult7.c">
      <Filter>src</Filter>
    </ClCompile>
    <ClCompile Include="..\..\..\..\test\default\secretbox.c">
      <Filter>src</Filter>
    </ClCompile>
    <ClCompile Include="..\..\..\..\test\default\secretbox_easy.c">
      <Filter>src</Filter>
    </ClCompile>
    <ClCompile Include="..\..\..\..\test\default\secretbox_easy2.c">
      <Filter>src</Filter>
    </ClCompile>
    <ClCompile Include="..\..\..\..\test\default\secretbox2.c">
      <Filter>src</Filter>
    </ClCompile>
    <ClCompile Include="..\..\..\..\test\default\secretbox7.c">
      <Filter>src</Filter>
    </ClCompile>
    <ClCompile Include="..\..\..\..\test\default\secretbox8.c">
      <Filter>src</Filter>
    </ClCompile>
    <ClCompile Include="..\..\..\..\test\default\shorthash.c">
      <Filter>src</Filter>
    </ClCompile>
    <ClCompile Include="..\..\..\..\test\default\sodium_core.c">
      <Filter>src</Filter>
    </ClCompile>
    <ClCompile Include="..\..\..\..\test\default\sodium_utils.c">
      <Filter>src</Filter>
    </ClCompile>
    <ClCompile Include="..\..\..\..\test\default\sodium_utils2.c">
      <Filter>src</Filter>
    </ClCompile>
    <ClCompile Include="..\..\..\..\test\default\sodium_utils3.c">
      <Filter>src</Filter>
    </ClCompile>
    <ClCompile Include="..\..\..\..\test\default\sodium_version.c">
      <Filter>src</Filter>
    </ClCompile>
    <ClCompile Include="..\..\..\..\test\default\stream.c">
      <Filter>src</Filter>
    </ClCompile>
    <ClCompile Include="..\..\..\..\test\default\stream2.c">
      <Filter>src</Filter>
    </ClCompile>
    <ClCompile Include="..\..\..\..\test\default\stream3.c">
      <Filter>src</Filter>
    </ClCompile>
    <ClCompile Include="..\..\..\..\test\default\stream4.c">
      <Filter>src</Filter>
    </ClCompile>
    <ClCompile Include="..\..\..\..\test\default\sign.c">
      <Filter>src</Filter>
    </ClCompile>
    <ClCompile Include="..\..\..\..\test\default\pwhash.c">
      <Filter>src</Filter>
    </ClCompile>
    <ClCompile Include="..\..\..\..\test\default\aead_chacha20poly1305.c">
      <Filter>src</Filter>
    </ClCompile>
    <ClCompile Include="..\..\..\..\test\default\auth6.c">
      <Filter>src</Filter>
    </ClCompile>
    <ClCompile Include="..\..\..\..\test\default\auth7.c">
      <Filter>src</Filter>
    </ClCompile>
    <ClCompile Include="..\..\..\..\test\default\verify1.c">
      <Filter>src</Filter>
    </ClCompile>
  </ItemGroup>
  <ItemGroup>
    <ClInclude Include="..\..\..\..\test\default\cmptest.h">
      <Filter>include</Filter>
    </ClInclude>
    <ClInclude Include="..\..\..\..\test\quirks\quirks.h">
      <Filter>include</Filter>
    </ClInclude>
  </ItemGroup>
  <ItemGroup>
    <Filter Include="src">
      <UniqueIdentifier>{705beade-aa7f-49c0-900e-4b0cbbdc2f7b}</UniqueIdentifier>
    </Filter>
    <Filter Include="include">
      <UniqueIdentifier>{5b5af4b5-c6aa-4b30-bdef-074b1bdc43ea}</UniqueIdentifier>
    </Filter>
  </ItemGroup>
</Project>
